// !$*UTF8*$!
{
	archiveVersion = 1;
	classes = {
	};
	objectVersion = 56;
	objects = {

/* Begin PBXBuildFile section */
		3BDFBA722B7F256200474AFB /* RealityKitContent in Frameworks */ = {isa = PBXBuildFile; productRef = 3BDFBA712B7F256200474AFB /* RealityKitContent */; };
		3BDFBA742B7F256200474AFB /* FearAndGreedApp.swift in Sources */ = {isa = PBXBuildFile; fileRef = 3BDFBA732B7F256200474AFB /* FearAndGreedApp.swift */; };
		3BDFBA762B7F256200474AFB /* ContentView.swift in Sources */ = {isa = PBXBuildFile; fileRef = 3BDFBA752B7F256200474AFB /* ContentView.swift */; };
		3BDFBA782B7F256300474AFB /* Assets.xcassets in Resources */ = {isa = PBXBuildFile; fileRef = 3BDFBA772B7F256300474AFB /* Assets.xcassets */; };
		3BDFBA7B2B7F256300474AFB /* Preview Assets.xcassets in Resources */ = {isa = PBXBuildFile; fileRef = 3BDFBA7A2B7F256300474AFB /* Preview Assets.xcassets */; };
		3BDFBA832B7F258800474AFB /* FearGreedIndexService.swift in Sources */ = {isa = PBXBuildFile; fileRef = 3BDFBA822B7F258800474AFB /* FearGreedIndexService.swift */; };
		3BDFBA852B7F25A000474AFB /* FearGreedIndexViewModel.swift in Sources */ = {isa = PBXBuildFile; fileRef = 3BDFBA842B7F25A000474AFB /* FearGreedIndexViewModel.swift */; };
		3BDFBA872B7F274D00474AFB /* Colors.swift in Sources */ = {isa = PBXBuildFile; fileRef = 3BDFBA862B7F274D00474AFB /* Colors.swift */; };
/* End PBXBuildFile section */

/* Begin PBXFileReference section */
		3BDFBA6C2B7F256200474AFB /* FearAndGreed.app */ = {isa = PBXFileReference; explicitFileType = wrapper.application; includeInIndex = 0; path = FearAndGreed.app; sourceTree = BUILT_PRODUCTS_DIR; };
		3BDFBA702B7F256200474AFB /* RealityKitContent */ = {isa = PBXFileReference; lastKnownFileType = wrapper; path = RealityKitContent; sourceTree = "<group>"; };
		3BDFBA732B7F256200474AFB /* FearAndGreedApp.swift */ = {isa = PBXFileReference; lastKnownFileType = sourcecode.swift; path = FearAndGreedApp.swift; sourceTree = "<group>"; };
		3BDFBA752B7F256200474AFB /* ContentView.swift */ = {isa = PBXFileReference; lastKnownFileType = sourcecode.swift; path = ContentView.swift; sourceTree = "<group>"; };
		3BDFBA772B7F256300474AFB /* Assets.xcassets */ = {isa = PBXFileReference; lastKnownFileType = folder.assetcatalog; path = Assets.xcassets; sourceTree = "<group>"; };
		3BDFBA7A2B7F256300474AFB /* Preview Assets.xcassets */ = {isa = PBXFileReference; lastKnownFileType = folder.assetcatalog; path = "Preview Assets.xcassets"; sourceTree = "<group>"; };
		3BDFBA7C2B7F256300474AFB /* Info.plist */ = {isa = PBXFileReference; lastKnownFileType = text.plist.xml; path = Info.plist; sourceTree = "<group>"; };
		3BDFBA822B7F258800474AFB /* FearGreedIndexService.swift */ = {isa = PBXFileReference; lastKnownFileType = sourcecode.swift; path = FearGreedIndexService.swift; sourceTree = "<group>"; };
		3BDFBA842B7F25A000474AFB /* FearGreedIndexViewModel.swift */ = {isa = PBXFileReference; lastKnownFileType = sourcecode.swift; path = FearGreedIndexViewModel.swift; sourceTree = "<group>"; };
		3BDFBA862B7F274D00474AFB /* Colors.swift */ = {isa = PBXFileReference; fileEncoding = 4; lastKnownFileType = sourcecode.swift; path = Colors.swift; sourceTree = "<group>"; };
/* End PBXFileReference section */

/* Begin PBXFrameworksBuildPhase section */
		3BDFBA692B7F256200474AFB /* Frameworks */ = {
			isa = PBXFrameworksBuildPhase;
			buildActionMask = 2147483647;
			files = (
				3BDFBA722B7F256200474AFB /* RealityKitContent in Frameworks */,
			);
			runOnlyForDeploymentPostprocessing = 0;
		};
/* End PBXFrameworksBuildPhase section */

/* Begin PBXGroup section */
		3BDFBA632B7F256200474AFB = {
			isa = PBXGroup;
			children = (
				3BDFBA6E2B7F256200474AFB /* FearAndGreed */,
				3BDFBA6F2B7F256200474AFB /* Packages */,
				3BDFBA6D2B7F256200474AFB /* Products */,
			);
			sourceTree = "<group>";
		};
		3BDFBA6D2B7F256200474AFB /* Products */ = {
			isa = PBXGroup;
			children = (
				3BDFBA6C2B7F256200474AFB /* FearAndGreed.app */,
			);
			name = Products;
			sourceTree = "<group>";
		};
		3BDFBA6E2B7F256200474AFB /* FearAndGreed */ = {
			isa = PBXGroup;
			children = (
				3BDFBA732B7F256200474AFB /* FearAndGreedApp.swift */,
				3BDFBA752B7F256200474AFB /* ContentView.swift */,
				3BDFBA822B7F258800474AFB /* FearGreedIndexService.swift */,
				3BDFBA842B7F25A000474AFB /* FearGreedIndexViewModel.swift */,
				3BDFBA862B7F274D00474AFB /* Colors.swift */,
				3BDFBA772B7F256300474AFB /* Assets.xcassets */,
				3BDFBA7C2B7F256300474AFB /* Info.plist */,
				3BDFBA792B7F256300474AFB /* Preview Content */,
			);
			path = FearAndGreed;
			sourceTree = "<group>";
		};
		3BDFBA6F2B7F256200474AFB /* Packages */ = {
			isa = PBXGroup;
			children = (
				3BDFBA702B7F256200474AFB /* RealityKitContent */,
			);
			path = Packages;
			sourceTree = "<group>";
		};
		3BDFBA792B7F256300474AFB /* Preview Content */ = {
			isa = PBXGroup;
			children = (
				3BDFBA7A2B7F256300474AFB /* Preview Assets.xcassets */,
			);
			path = "Preview Content";
			sourceTree = "<group>";
		};
/* End PBXGroup section */

/* Begin PBXNativeTarget section */
		3BDFBA6B2B7F256200474AFB /* FearAndGreed */ = {
			isa = PBXNativeTarget;
			buildConfigurationList = 3BDFBA7F2B7F256300474AFB /* Build configuration list for PBXNativeTarget "FearAndGreed" */;
			buildPhases = (
				3BDFBA682B7F256200474AFB /* Sources */,
				3BDFBA692B7F256200474AFB /* Frameworks */,
				3BDFBA6A2B7F256200474AFB /* Resources */,
			);
			buildRules = (
			);
			dependencies = (
			);
			name = FearAndGreed;
			packageProductDependencies = (
				3BDFBA712B7F256200474AFB /* RealityKitContent */,
			);
			productName = FearAndGreed;
			productReference = 3BDFBA6C2B7F256200474AFB /* FearAndGreed.app */;
			productType = "com.apple.product-type.application";
		};
/* End PBXNativeTarget section */

/* Begin PBXProject section */
		3BDFBA642B7F256200474AFB /* Project object */ = {
			isa = PBXProject;
			attributes = {
				BuildIndependentTargetsInParallel = 1;
				LastSwiftUpdateCheck = 1520;
				LastUpgradeCheck = 1520;
				TargetAttributes = {
					3BDFBA6B2B7F256200474AFB = {
						CreatedOnToolsVersion = 15.2;
					};
				};
			};
			buildConfigurationList = 3BDFBA672B7F256200474AFB /* Build configuration list for PBXProject "FearAndGreed" */;
			compatibilityVersion = "Xcode 14.0";
			developmentRegion = en;
			hasScannedForEncodings = 0;
			knownRegions = (
				en,
				Base,
			);
			mainGroup = 3BDFBA632B7F256200474AFB;
			productRefGroup = 3BDFBA6D2B7F256200474AFB /* Products */;
			projectDirPath = "";
			projectRoot = "";
			targets = (
				3BDFBA6B2B7F256200474AFB /* FearAndGreed */,
			);
		};
/* End PBXProject section */

/* Begin PBXResourcesBuildPhase section */
		3BDFBA6A2B7F256200474AFB /* Resources */ = {
			isa = PBXResourcesBuildPhase;
			buildActionMask = 2147483647;
			files = (
				3BDFBA7B2B7F256300474AFB /* Preview Assets.xcassets in Resources */,
				3BDFBA782B7F256300474AFB /* Assets.xcassets in Resources */,
			);
			runOnlyForDeploymentPostprocessing = 0;
		};
/* End PBXResourcesBuildPhase section */

/* Begin PBXSourcesBuildPhase section */
		3BDFBA682B7F256200474AFB /* Sources */ = {
			isa = PBXSourcesBuildPhase;
			buildActionMask = 2147483647;
			files = (
				3BDFBA762B7F256200474AFB /* ContentView.swift in Sources */,
				3BDFBA872B7F274D00474AFB /* Colors.swift in Sources */,
				3BDFBA852B7F25A000474AFB /* FearGreedIndexViewModel.swift in Sources */,
				3BDFBA832B7F258800474AFB /* FearGreedIndexService.swift in Sources */,
				3BDFBA742B7F256200474AFB /* FearAndGreedApp.swift in Sources */,
			);
			runOnlyForDeploymentPostprocessing = 0;
		};
/* End PBXSourcesBuildPhase section */

/* Begin XCBuildConfiguration section */
		3BDFBA7D2B7F256300474AFB /* Debug */ = {
			isa = XCBuildConfiguration;
			buildSettings = {
				ALWAYS_SEARCH_USER_PATHS = NO;
				ASSETCATALOG_COMPILER_GENERATE_SWIFT_ASSET_SYMBOL_EXTENSIONS = YES;
				CLANG_ANALYZER_NONNULL = YES;
				CLANG_ANALYZER_NUMBER_OBJECT_CONVERSION = YES_AGGRESSIVE;
				CLANG_CXX_LANGUAGE_STANDARD = "gnu++20";
				CLANG_ENABLE_MODULES = YES;
				CLANG_ENABLE_OBJC_ARC = YES;
				CLANG_ENABLE_OBJC_WEAK = YES;
				CLANG_WARN_BLOCK_CAPTURE_AUTORELEASING = YES;
				CLANG_WARN_BOOL_CONVERSION = YES;
				CLANG_WARN_COMMA = YES;
				CLANG_WARN_CONSTANT_CONVERSION = YES;
				CLANG_WARN_DEPRECATED_OBJC_IMPLEMENTATIONS = YES;
				CLANG_WARN_DIRECT_OBJC_ISA_USAGE = YES_ERROR;
				CLANG_WARN_DOCUMENTATION_COMMENTS = YES;
				CLANG_WARN_EMPTY_BODY = YES;
				CLANG_WARN_ENUM_CONVERSION = YES;
				CLANG_WARN_INFINITE_RECURSION = YES;
				CLANG_WARN_INT_CONVERSION = YES;
				CLANG_WARN_NON_LITERAL_NULL_CONVERSION = YES;
				CLANG_WARN_OBJC_IMPLICIT_RETAIN_SELF = YES;
				CLANG_WARN_OBJC_LITERAL_CONVERSION = YES;
				CLANG_WARN_OBJC_ROOT_CLASS = YES_ERROR;
				CLANG_WARN_QUOTED_INCLUDE_IN_FRAMEWORK_HEADER = YES;
				CLANG_WARN_RANGE_LOOP_ANALYSIS = YES;
				CLANG_WARN_STRICT_PROTOTYPES = YES;
				CLANG_WARN_SUSPICIOUS_MOVE = YES;
				CLANG_WARN_UNGUARDED_AVAILABILITY = YES_AGGRESSIVE;
				CLANG_WARN_UNREACHABLE_CODE = YES;
				CLANG_WARN__DUPLICATE_METHOD_MATCH = YES;
				COPY_PHASE_STRIP = NO;
				DEBUG_INFORMATION_FORMAT = dwarf;
				ENABLE_STRICT_OBJC_MSGSEND = YES;
				ENABLE_TESTABILITY = YES;
				ENABLE_USER_SCRIPT_SANDBOXING = YES;
				GCC_C_LANGUAGE_STANDARD = gnu17;
				GCC_DYNAMIC_NO_PIC = NO;
				GCC_NO_COMMON_BLOCKS = YES;
				GCC_OPTIMIZATION_LEVEL = 0;
				GCC_PREPROCESSOR_DEFINITIONS = (
					"DEBUG=1",
					"$(inherited)",
				);
				GCC_WARN_64_TO_32_BIT_CONVERSION = YES;
				GCC_WARN_ABOUT_RETURN_TYPE = YES_ERROR;
				GCC_WARN_UNDECLARED_SELECTOR = YES;
				GCC_WARN_UNINITIALIZED_AUTOS = YES_AGGRESSIVE;
				GCC_WARN_UNUSED_FUNCTION = YES;
				GCC_WARN_UNUSED_VARIABLE = YES;
				LOCALIZATION_PREFERS_STRING_CATALOGS = YES;
				MTL_ENABLE_DEBUG_INFO = INCLUDE_SOURCE;
				MTL_FAST_MATH = YES;
				ONLY_ACTIVE_ARCH = YES;
				SDKROOT = xros;
				SWIFT_ACTIVE_COMPILATION_CONDITIONS = "DEBUG $(inherited)";
				SWIFT_OPTIMIZATION_LEVEL = "-Onone";
				XROS_DEPLOYMENT_TARGET = 1.0;
			};
			name = Debug;
		};
		3BDFBA7E2B7F256300474AFB /* Release */ = {
			isa = XCBuildConfiguration;
			buildSettings = {
				ALWAYS_SEARCH_USER_PATHS = NO;
				ASSETCATALOG_COMPILER_GENERATE_SWIFT_ASSET_SYMBOL_EXTENSIONS = YES;
				CLANG_ANALYZER_NONNULL = YES;
				CLANG_ANALYZER_NUMBER_OBJECT_CONVERSION = YES_AGGRESSIVE;
				CLANG_CXX_LANGUAGE_STANDARD = "gnu++20";
				CLANG_ENABLE_MODULES = YES;
				CLANG_ENABLE_OBJC_ARC = YES;
				CLANG_ENABLE_OBJC_WEAK = YES;
				CLANG_WARN_BLOCK_CAPTURE_AUTORELEASING = YES;
				CLANG_WARN_BOOL_CONVERSION = YES;
				CLANG_WARN_COMMA = YES;
				CLANG_WARN_CONSTANT_CONVERSION = YES;
				CLANG_WARN_DEPRECATED_OBJC_IMPLEMENTATIONS = YES;
				CLANG_WARN_DIRECT_OBJC_ISA_USAGE = YES_ERROR;
				CLANG_WARN_DOCUMENTATION_COMMENTS = YES;
				CLANG_WARN_EMPTY_BODY = YES;
				CLANG_WARN_ENUM_CONVERSION = YES;
				CLANG_WARN_INFINITE_RECURSION = YES;
				CLANG_WARN_INT_CONVERSION = YES;
				CLANG_WARN_NON_LITERAL_NULL_CONVERSION = YES;
				CLANG_WARN_OBJC_IMPLICIT_RETAIN_SELF = YES;
				CLANG_WARN_OBJC_LITERAL_CONVERSION = YES;
				CLANG_WARN_OBJC_ROOT_CLASS = YES_ERROR;
				CLANG_WARN_QUOTED_INCLUDE_IN_FRAMEWORK_HEADER = YES;
				CLANG_WARN_RANGE_LOOP_ANALYSIS = YES;
				CLANG_WARN_STRICT_PROTOTYPES = YES;
				CLANG_WARN_SUSPICIOUS_MOVE = YES;
				CLANG_WARN_UNGUARDED_AVAILABILITY = YES_AGGRESSIVE;
				CLANG_WARN_UNREACHABLE_CODE = YES;
				CLANG_WARN__DUPLICATE_METHOD_MATCH = YES;
				COPY_PHASE_STRIP = NO;
				DEBUG_INFORMATION_FORMAT = "dwarf-with-dsym";
				ENABLE_NS_ASSERTIONS = NO;
				ENABLE_STRICT_OBJC_MSGSEND = YES;
				ENABLE_USER_SCRIPT_SANDBOXING = YES;
				GCC_C_LANGUAGE_STANDARD = gnu17;
				GCC_NO_COMMON_BLOCKS = YES;
				GCC_WARN_64_TO_32_BIT_CONVERSION = YES;
				GCC_WARN_ABOUT_RETURN_TYPE = YES_ERROR;
				GCC_WARN_UNDECLARED_SELECTOR = YES;
				GCC_WARN_UNINITIALIZED_AUTOS = YES_AGGRESSIVE;
				GCC_WARN_UNUSED_FUNCTION = YES;
				GCC_WARN_UNUSED_VARIABLE = YES;
				LOCALIZATION_PREFERS_STRING_CATALOGS = YES;
				MTL_ENABLE_DEBUG_INFO = NO;
				MTL_FAST_MATH = YES;
				SDKROOT = xros;
				SWIFT_COMPILATION_MODE = wholemodule;
				VALIDATE_PRODUCT = YES;
				XROS_DEPLOYMENT_TARGET = 1.0;
			};
			name = Release;
		};
		3BDFBA802B7F256300474AFB /* Debug */ = {
			isa = XCBuildConfiguration;
			buildSettings = {
				ASSETCATALOG_COMPILER_APPICON_NAME = AppIcon;
				ASSETCATALOG_COMPILER_GLOBAL_ACCENT_COLOR_NAME = AccentColor;
				CODE_SIGN_STYLE = Automatic;
				CURRENT_PROJECT_VERSION = 1;
				DEVELOPMENT_ASSET_PATHS = "\"FearAndGreed/Preview Content\"";
				DEVELOPMENT_TEAM = 2DJDH872JZ;
				ENABLE_PREVIEWS = YES;
				GENERATE_INFOPLIST_FILE = YES;
				INFOPLIST_FILE = "$(TARGET_NAME)/Info.plist";
				LD_RUNPATH_SEARCH_PATHS = (
					"$(inherited)",
					"@executable_path/Frameworks",
				);
				MARKETING_VERSION = 1.0;
				PRODUCT_BUNDLE_IDENTIFIER = com.ivancampos.FearAndGreed;
				PRODUCT_NAME = "$(TARGET_NAME)";
				SUPPORTED_PLATFORMS = "xros xrsimulator";
				SWIFT_EMIT_LOC_STRINGS = YES;
				SWIFT_VERSION = 5.0;
				TARGETED_DEVICE_FAMILY = "1,2,7";
			};
			name = Debug;
		};
		3BDFBA812B7F256300474AFB /* Release */ = {
			isa = XCBuildConfiguration;
			buildSettings = {
				ASSETCATALOG_COMPILER_APPICON_NAME = AppIcon;
				ASSETCATALOG_COMPILER_GLOBAL_ACCENT_COLOR_NAME = AccentColor;
				CODE_SIGN_STYLE = Automatic;
				CURRENT_PROJECT_VERSION = 1;
				DEVELOPMENT_ASSET_PATHS = "\"FearAndGreed/Preview Content\"";
				DEVELOPMENT_TEAM = 2DJDH872JZ;
				ENABLE_PREVIEWS = YES;
				GENERATE_INFOPLIST_FILE = YES;
				INFOPLIST_FILE = "$(TARGET_NAME)/Info.plist";
				LD_RUNPATH_SEARCH_PATHS = (
					"$(inherited)",
					"@executable_path/Frameworks",
				);
				MARKETING_VERSION = 1.0;
				PRODUCT_BUNDLE_IDENTIFIER = com.ivancampos.FearAndGreed;
				PRODUCT_NAME = "$(TARGET_NAME)";
				SUPPORTED_PLATFORMS = "xros xrsimulator";
				SWIFT_EMIT_LOC_STRINGS = YES;
				SWIFT_VERSION = 5.0;
				TARGETED_DEVICE_FAMILY = "1,2,7";
			};
			name = Release;
		};
/* End XCBuildConfiguration section */

/* Begin XCConfigurationList section */
		3BDFBA672B7F256200474AFB /* Build configuration list for PBXProject "FearAndGreed" */ = {
			isa = XCConfigurationList;
			buildConfigurations = (
				3BDFBA7D2B7F256300474AFB /* Debug */,
				3BDFBA7E2B7F256300474AFB /* Release */,
			);
			defaultConfigurationIsVisible = 0;
			defaultConfigurationName = Release;
		};
		3BDFBA7F2B7F256300474AFB /* Build configuration list for PBXNativeTarget "FearAndGreed" */ = {
			isa = XCConfigurationList;
			buildConfigurations = (
				3BDFBA802B7F256300474AFB /* Debug */,
				3BDFBA812B7F256300474AFB /* Release */,
			);
			defaultConfigurationIsVisible = 0;
			defaultConfigurationName = Release;
		};
/* End XCConfigurationList section */

/* Begin XCSwiftPackageProductDependency section */
		3BDFBA712B7F256200474AFB /* RealityKitContent */ = {
			isa = XCSwiftPackageProductDependency;
			productName = RealityKitContent;
		};
/* End XCSwiftPackageProductDependency section */
	};
	rootObject = 3BDFBA642B7F256200474AFB /* Project object */;
}
