// !$*UTF8*$!
{
	archiveVersion = 1;
	classes = {
	};
	objectVersion = 56;
	objects = {

/* Begin PBXBuildFile section */
		3BDFBA492B7DE79E00474AFB /* RealityKitContent in Frameworks */ = {isa = PBXBuildFile; productRef = 3BDFBA482B7DE79E00474AFB /* RealityKitContent */; };
		3BDFBA4B2B7DE79E00474AFB /* LLLMApp.swift in Sources */ = {isa = PBXBuildFile; fileRef = 3BDFBA4A2B7DE79E00474AFB /* LLLMApp.swift */; };
		3BDFBA512B7DE79F00474AFB /* Assets.xcassets in Resources */ = {isa = PBXBuildFile; fileRef = 3BDFBA502B7DE79F00474AFB /* Assets.xcassets */; };
		3BDFBA542B7DE79F00474AFB /* Preview Assets.xcassets in Resources */ = {isa = PBXBuildFile; fileRef = 3BDFBA532B7DE79F00474AFB /* Preview Assets.xcassets */; };
		3BDFBA5C2B7DEADA00474AFB /* APIResponseViewModel.swift in Sources */ = {isa = PBXBuildFile; fileRef = 3BDFBA5B2B7DEADA00474AFB /* APIResponseViewModel.swift */; };
		3BDFBA5E2B7DEAEF00474AFB /* APIResponseView.swift in Sources */ = {isa = PBXBuildFile; fileRef = 3BDFBA5D2B7DEAEF00474AFB /* APIResponseView.swift */; };
		3BDFBA602B7DEB0500474AFB /* APIResponseService.swift in Sources */ = {isa = PBXBuildFile; fileRef = 3BDFBA5F2B7DEB0500474AFB /* APIResponseService.swift */; };
		3BDFBA622B7DF77B00474AFB /* SearchBar.swift in Sources */ = {isa = PBXBuildFile; fileRef = 3BDFBA612B7DF77B00474AFB /* SearchBar.swift */; };
/* End PBXBuildFile section */

/* Begin PBXFileReference section */
		3BDFBA432B7DE79E00474AFB /* LLLM.app */ = {isa = PBXFileReference; explicitFileType = wrapper.application; includeInIndex = 0; path = LLLM.app; sourceTree = BUILT_PRODUCTS_DIR; };
		3BDFBA472B7DE79E00474AFB /* RealityKitContent */ = {isa = PBXFileReference; lastKnownFileType = wrapper; path = RealityKitContent; sourceTree = "<group>"; };
		3BDFBA4A2B7DE79E00474AFB /* LLLMApp.swift */ = {isa = PBXFileReference; lastKnownFileType = sourcecode.swift; path = LLLMApp.swift; sourceTree = "<group>"; };
		3BDFBA502B7DE79F00474AFB /* Assets.xcassets */ = {isa = PBXFileReference; lastKnownFileType = folder.assetcatalog; path = Assets.xcassets; sourceTree = "<group>"; };
		3BDFBA532B7DE79F00474AFB /* Preview Assets.xcassets */ = {isa = PBXFileReference; lastKnownFileType = folder.assetcatalog; path = "Preview Assets.xcassets"; sourceTree = "<group>"; };
		3BDFBA552B7DE79F00474AFB /* Info.plist */ = {isa = PBXFileReference; lastKnownFileType = text.plist.xml; path = Info.plist; sourceTree = "<group>"; };
		3BDFBA5B2B7DEADA00474AFB /* APIResponseViewModel.swift */ = {isa = PBXFileReference; lastKnownFileType = sourcecode.swift; path = APIResponseViewModel.swift; sourceTree = "<group>"; };
		3BDFBA5D2B7DEAEF00474AFB /* APIResponseView.swift */ = {isa = PBXFileReference; lastKnownFileType = sourcecode.swift; path = APIResponseView.swift; sourceTree = "<group>"; };
		3BDFBA5F2B7DEB0500474AFB /* APIResponseService.swift */ = {isa = PBXFileReference; lastKnownFileType = sourcecode.swift; path = APIResponseService.swift; sourceTree = "<group>"; };
		3BDFBA612B7DF77B00474AFB /* SearchBar.swift */ = {isa = PBXFileReference; lastKnownFileType = sourcecode.swift; path = SearchBar.swift; sourceTree = "<group>"; };
/* End PBXFileReference section */

/* Begin PBXFrameworksBuildPhase section */
		3BDFBA402B7DE79E00474AFB /* Frameworks */ = {
			isa = PBXFrameworksBuildPhase;
			buildActionMask = 2147483647;
			files = (
				3BDFBA492B7DE79E00474AFB /* RealityKitContent in Frameworks */,
			);
			runOnlyForDeploymentPostprocessing = 0;
		};
/* End PBXFrameworksBuildPhase section */

/* Begin PBXGroup section */
		3BDFBA3A2B7DE79E00474AFB = {
			isa = PBXGroup;
			children = (
				3BDFBA452B7DE79E00474AFB /* LLLM */,
				3BDFBA462B7DE79E00474AFB /* Packages */,
				3BDFBA442B7DE79E00474AFB /* Products */,
			);
			sourceTree = "<group>";
		};
		3BDFBA442B7DE79E00474AFB /* Products */ = {
			isa = PBXGroup;
			children = (
				3BDFBA432B7DE79E00474AFB /* LLLM.app */,
			);
			name = Products;
			sourceTree = "<group>";
		};
		3BDFBA452B7DE79E00474AFB /* LLLM */ = {
			isa = PBXGroup;
			children = (
				3BDFBA4A2B7DE79E00474AFB /* LLLMApp.swift */,
				3BDFBA5F2B7DEB0500474AFB /* APIResponseService.swift */,
				3BDFBA5D2B7DEAEF00474AFB /* APIResponseView.swift */,
				3BDFBA5B2B7DEADA00474AFB /* APIResponseViewModel.swift */,
				3BDFBA612B7DF77B00474AFB /* SearchBar.swift */,
				3BDFBA502B7DE79F00474AFB /* Assets.xcassets */,
				3BDFBA552B7DE79F00474AFB /* Info.plist */,
				3BDFBA522B7DE79F00474AFB /* Preview Content */,
			);
			path = LLLM;
			sourceTree = "<group>";
		};
		3BDFBA462B7DE79E00474AFB /* Packages */ = {
			isa = PBXGroup;
			children = (
				3BDFBA472B7DE79E00474AFB /* RealityKitContent */,
			);
			path = Packages;
			sourceTree = "<group>";
		};
		3BDFBA522B7DE79F00474AFB /* Preview Content */ = {
			isa = PBXGroup;
			children = (
				3BDFBA532B7DE79F00474AFB /* Preview Assets.xcassets */,
			);
			path = "Preview Content";
			sourceTree = "<group>";
		};
/* End PBXGroup section */

/* Begin PBXNativeTarget section */
		3BDFBA422B7DE79E00474AFB /* LLLM */ = {
			isa = PBXNativeTarget;
			buildConfigurationList = 3BDFBA582B7DE79F00474AFB /* Build configuration list for PBXNativeTarget "LLLM" */;
			buildPhases = (
				3BDFBA3F2B7DE79E00474AFB /* Sources */,
				3BDFBA402B7DE79E00474AFB /* Frameworks */,
				3BDFBA412B7DE79E00474AFB /* Resources */,
			);
			buildRules = (
			);
			dependencies = (
			);
			name = LLLM;
			packageProductDependencies = (
				3BDFBA482B7DE79E00474AFB /* RealityKitContent */,
			);
			productName = LLLM;
			productReference = 3BDFBA432B7DE79E00474AFB /* LLLM.app */;
			productType = "com.apple.product-type.application";
		};
/* End PBXNativeTarget section */

/* Begin PBXProject section */
		3BDFBA3B2B7DE79E00474AFB /* Project object */ = {
			isa = PBXProject;
			attributes = {
				BuildIndependentTargetsInParallel = 1;
				LastSwiftUpdateCheck = 1520;
				LastUpgradeCheck = 1520;
				TargetAttributes = {
					3BDFBA422B7DE79E00474AFB = {
						CreatedOnToolsVersion = 15.2;
					};
				};
			};
			buildConfigurationList = 3BDFBA3E2B7DE79E00474AFB /* Build configuration list for PBXProject "LLLM" */;
			compatibilityVersion = "Xcode 14.0";
			developmentRegion = en;
			hasScannedForEncodings = 0;
			knownRegions = (
				en,
				Base,
			);
			mainGroup = 3BDFBA3A2B7DE79E00474AFB;
			productRefGroup = 3BDFBA442B7DE79E00474AFB /* Products */;
			projectDirPath = "";
			projectRoot = "";
			targets = (
				3BDFBA422B7DE79E00474AFB /* LLLM */,
			);
		};
/* End PBXProject section */

/* Begin PBXResourcesBuildPhase section */
		3BDFBA412B7DE79E00474AFB /* Resources */ = {
			isa = PBXResourcesBuildPhase;
			buildActionMask = 2147483647;
			files = (
				3BDFBA542B7DE79F00474AFB /* Preview Assets.xcassets in Resources */,
				3BDFBA512B7DE79F00474AFB /* Assets.xcassets in Resources */,
			);
			runOnlyForDeploymentPostprocessing = 0;
		};
/* End PBXResourcesBuildPhase section */

/* Begin PBXSourcesBuildPhase section */
		3BDFBA3F2B7DE79E00474AFB /* Sources */ = {
			isa = PBXSourcesBuildPhase;
			buildActionMask = 2147483647;
			files = (
				3BDFBA4B2B7DE79E00474AFB /* LLLMApp.swift in Sources */,
				3BDFBA5C2B7DEADA00474AFB /* APIResponseViewModel.swift in Sources */,
				3BDFBA622B7DF77B00474AFB /* SearchBar.swift in Sources */,
				3BDFBA5E2B7DEAEF00474AFB /* APIResponseView.swift in Sources */,
				3BDFBA602B7DEB0500474AFB /* APIResponseService.swift in Sources */,
			);
			runOnlyForDeploymentPostprocessing = 0;
		};
/* End PBXSourcesBuildPhase section */

/* Begin XCBuildConfiguration section */
		3BDFBA562B7DE79F00474AFB /* Debug */ = {
			isa = XCBuildConfiguration;
			buildSettings = {
				ALWAYS_SEARCH_USER_PATHS = NO;
				ASSETCATALOG_COMPILER_GENERATE_SWIFT_ASSET_SYMBOL_EXTENSIONS = YES;
				CLANG_ANALYZER_NONNULL = YES;
				CLANG_ANALYZER_NUMBER_OBJECT_CONVERSION = YES_AGGRESSIVE;
				CLANG_CXX_LANGUAGE_STANDARD = "gnu++20";
				CLANG_ENABLE_MODULES = YES;
				CLANG_ENABLE_OBJC_ARC = YES;
				CLANG_ENABLE_OBJC_WEAK = YES;
				CLANG_WARN_BLOCK_CAPTURE_AUTORELEASING = YES;
				CLANG_WARN_BOOL_CONVERSION = YES;
				CLANG_WARN_COMMA = YES;
				CLANG_WARN_CONSTANT_CONVERSION = YES;
				CLANG_WARN_DEPRECATED_OBJC_IMPLEMENTATIONS = YES;
				CLANG_WARN_DIRECT_OBJC_ISA_USAGE = YES_ERROR;
				CLANG_WARN_DOCUMENTATION_COMMENTS = YES;
				CLANG_WARN_EMPTY_BODY = YES;
				CLANG_WARN_ENUM_CONVERSION = YES;
				CLANG_WARN_INFINITE_RECURSION = YES;
				CLANG_WARN_INT_CONVERSION = YES;
				CLANG_WARN_NON_LITERAL_NULL_CONVERSION = YES;
				CLANG_WARN_OBJC_IMPLICIT_RETAIN_SELF = YES;
				CLANG_WARN_OBJC_LITERAL_CONVERSION = YES;
				CLANG_WARN_OBJC_ROOT_CLASS = YES_ERROR;
				CLANG_WARN_QUOTED_INCLUDE_IN_FRAMEWORK_HEADER = YES;
				CLANG_WARN_RANGE_LOOP_ANALYSIS = YES;
				CLANG_WARN_STRICT_PROTOTYPES = YES;
				CLANG_WARN_SUSPICIOUS_MOVE = YES;
				CLANG_WARN_UNGUARDED_AVAILABILITY = YES_AGGRESSIVE;
				CLANG_WARN_UNREACHABLE_CODE = YES;
				CLANG_WARN__DUPLICATE_METHOD_MATCH = YES;
				COPY_PHASE_STRIP = NO;
				DEBUG_INFORMATION_FORMAT = dwarf;
				ENABLE_STRICT_OBJC_MSGSEND = YES;
				ENABLE_TESTABILITY = YES;
				ENABLE_USER_SCRIPT_SANDBOXING = YES;
				GCC_C_LANGUAGE_STANDARD = gnu17;
				GCC_DYNAMIC_NO_PIC = NO;
				GCC_NO_COMMON_BLOCKS = YES;
				GCC_OPTIMIZATION_LEVEL = 0;
				GCC_PREPROCESSOR_DEFINITIONS = (
					"DEBUG=1",
					"$(inherited)",
				);
				GCC_WARN_64_TO_32_BIT_CONVERSION = YES;
				GCC_WARN_ABOUT_RETURN_TYPE = YES_ERROR;
				GCC_WARN_UNDECLARED_SELECTOR = YES;
				GCC_WARN_UNINITIALIZED_AUTOS = YES_AGGRESSIVE;
				GCC_WARN_UNUSED_FUNCTION = YES;
				GCC_WARN_UNUSED_VARIABLE = YES;
				LOCALIZATION_PREFERS_STRING_CATALOGS = YES;
				MTL_ENABLE_DEBUG_INFO = INCLUDE_SOURCE;
				MTL_FAST_MATH = YES;
				ONLY_ACTIVE_ARCH = YES;
				SDKROOT = xros;
				SWIFT_ACTIVE_COMPILATION_CONDITIONS = "DEBUG $(inherited)";
				SWIFT_OPTIMIZATION_LEVEL = "-Onone";
				XROS_DEPLOYMENT_TARGET = 1.0;
			};
			name = Debug;
		};
		3BDFBA572B7DE79F00474AFB /* Release */ = {
			isa = XCBuildConfiguration;
			buildSettings = {
				ALWAYS_SEARCH_USER_PATHS = NO;
				ASSETCATALOG_COMPILER_GENERATE_SWIFT_ASSET_SYMBOL_EXTENSIONS = YES;
				CLANG_ANALYZER_NONNULL = YES;
				CLANG_ANALYZER_NUMBER_OBJECT_CONVERSION = YES_AGGRESSIVE;
				CLANG_CXX_LANGUAGE_STANDARD = "gnu++20";
				CLANG_ENABLE_MODULES = YES;
				CLANG_ENABLE_OBJC_ARC = YES;
				CLANG_ENABLE_OBJC_WEAK = YES;
				CLANG_WARN_BLOCK_CAPTURE_AUTORELEASING = YES;
				CLANG_WARN_BOOL_CONVERSION = YES;
				CLANG_WARN_COMMA = YES;
				CLANG_WARN_CONSTANT_CONVERSION = YES;
				CLANG_WARN_DEPRECATED_OBJC_IMPLEMENTATIONS = YES;
				CLANG_WARN_DIRECT_OBJC_ISA_USAGE = YES_ERROR;
				CLANG_WARN_DOCUMENTATION_COMMENTS = YES;
				CLANG_WARN_EMPTY_BODY = YES;
				CLANG_WARN_ENUM_CONVERSION = YES;
				CLANG_WARN_INFINITE_RECURSION = YES;
				CLANG_WARN_INT_CONVERSION = YES;
				CLANG_WARN_NON_LITERAL_NULL_CONVERSION = YES;
				CLANG_WARN_OBJC_IMPLICIT_RETAIN_SELF = YES;
				CLANG_WARN_OBJC_LITERAL_CONVERSION = YES;
				CLANG_WARN_OBJC_ROOT_CLASS = YES_ERROR;
				CLANG_WARN_QUOTED_INCLUDE_IN_FRAMEWORK_HEADER = YES;
				CLANG_WARN_RANGE_LOOP_ANALYSIS = YES;
				CLANG_WARN_STRICT_PROTOTYPES = YES;
				CLANG_WARN_SUSPICIOUS_MOVE = YES;
				CLANG_WARN_UNGUARDED_AVAILABILITY = YES_AGGRESSIVE;
				CLANG_WARN_UNREACHABLE_CODE = YES;
				CLANG_WARN__DUPLICATE_METHOD_MATCH = YES;
				COPY_PHASE_STRIP = NO;
				DEBUG_INFORMATION_FORMAT = "dwarf-with-dsym";
				ENABLE_NS_ASSERTIONS = NO;
				ENABLE_STRICT_OBJC_MSGSEND = YES;
				ENABLE_USER_SCRIPT_SANDBOXING = YES;
				GCC_C_LANGUAGE_STANDARD = gnu17;
				GCC_NO_COMMON_BLOCKS = YES;
				GCC_WARN_64_TO_32_BIT_CONVERSION = YES;
				GCC_WARN_ABOUT_RETURN_TYPE = YES_ERROR;
				GCC_WARN_UNDECLARED_SELECTOR = YES;
				GCC_WARN_UNINITIALIZED_AUTOS = YES_AGGRESSIVE;
				GCC_WARN_UNUSED_FUNCTION = YES;
				GCC_WARN_UNUSED_VARIABLE = YES;
				LOCALIZATION_PREFERS_STRING_CATALOGS = YES;
				MTL_ENABLE_DEBUG_INFO = NO;
				MTL_FAST_MATH = YES;
				SDKROOT = xros;
				SWIFT_COMPILATION_MODE = wholemodule;
				VALIDATE_PRODUCT = YES;
				XROS_DEPLOYMENT_TARGET = 1.0;
			};
			name = Release;
		};
		3BDFBA592B7DE79F00474AFB /* Debug */ = {
			isa = XCBuildConfiguration;
			buildSettings = {
				ASSETCATALOG_COMPILER_APPICON_NAME = AppIcon;
				ASSETCATALOG_COMPILER_GLOBAL_ACCENT_COLOR_NAME = AccentColor;
				CODE_SIGN_STYLE = Automatic;
				CURRENT_PROJECT_VERSION = 1;
				DEVELOPMENT_ASSET_PATHS = "\"LLLM/Preview Content\"";
				DEVELOPMENT_TEAM = 2DJDH872JZ;
				ENABLE_PREVIEWS = YES;
				GENERATE_INFOPLIST_FILE = YES;
				INFOPLIST_FILE = "$(TARGET_NAME)/Info.plist";
				LD_RUNPATH_SEARCH_PATHS = (
					"$(inherited)",
					"@executable_path/Frameworks",
				);
				MARKETING_VERSION = 1.0;
				PRODUCT_BUNDLE_IDENTIFIER = com.ivancampos.LLLM;
				PRODUCT_NAME = "$(TARGET_NAME)";
				SUPPORTED_PLATFORMS = "xros xrsimulator";
				SWIFT_EMIT_LOC_STRINGS = YES;
				SWIFT_VERSION = 5.0;
				TARGETED_DEVICE_FAMILY = "1,2,7";
			};
			name = Debug;
		};
		3BDFBA5A2B7DE79F00474AFB /* Release */ = {
			isa = XCBuildConfiguration;
			buildSettings = {
				ASSETCATALOG_COMPILER_APPICON_NAME = AppIcon;
				ASSETCATALOG_COMPILER_GLOBAL_ACCENT_COLOR_NAME = AccentColor;
				CODE_SIGN_STYLE = Automatic;
				CURRENT_PROJECT_VERSION = 1;
				DEVELOPMENT_ASSET_PATHS = "\"LLLM/Preview Content\"";
				DEVELOPMENT_TEAM = 2DJDH872JZ;
				ENABLE_PREVIEWS = YES;
				GENERATE_INFOPLIST_FILE = YES;
				INFOPLIST_FILE = "$(TARGET_NAME)/Info.plist";
				LD_RUNPATH_SEARCH_PATHS = (
					"$(inherited)",
					"@executable_path/Frameworks",
				);
				MARKETING_VERSION = 1.0;
				PRODUCT_BUNDLE_IDENTIFIER = com.ivancampos.LLLM;
				PRODUCT_NAME = "$(TARGET_NAME)";
				SUPPORTED_PLATFORMS = "xros xrsimulator";
				SWIFT_EMIT_LOC_STRINGS = YES;
				SWIFT_VERSION = 5.0;
				TARGETED_DEVICE_FAMILY = "1,2,7";
			};
			name = Release;
		};
/* End XCBuildConfiguration section */

/* Begin XCConfigurationList section */
		3BDFBA3E2B7DE79E00474AFB /* Build configuration list for PBXProject "LLLM" */ = {
			isa = XCConfigurationList;
			buildConfigurations = (
				3BDFBA562B7DE79F00474AFB /* Debug */,
				3BDFBA572B7DE79F00474AFB /* Release */,
			);
			defaultConfigurationIsVisible = 0;
			defaultConfigurationName = Release;
		};
		3BDFBA582B7DE79F00474AFB /* Build configuration list for PBXNativeTarget "LLLM" */ = {
			isa = XCConfigurationList;
			buildConfigurations = (
				3BDFBA592B7DE79F00474AFB /* Debug */,
				3BDFBA5A2B7DE79F00474AFB /* Release */,
			);
			defaultConfigurationIsVisible = 0;
			defaultConfigurationName = Release;
		};
/* End XCConfigurationList section */

/* Begin XCSwiftPackageProductDependency section */
		3BDFBA482B7DE79E00474AFB /* RealityKitContent */ = {
			isa = XCSwiftPackageProductDependency;
			productName = RealityKitContent;
		};
/* End XCSwiftPackageProductDependency section */
	};
	rootObject = 3BDFBA3B2B7DE79E00474AFB /* Project object */;
}
