// !$*UTF8*$!
{
	archiveVersion = 1;
	classes = {
	};
	objectVersion = 56;
	objects = {

/* Begin PBXBuildFile section */
		3B5365FD2BC2658100AC7AC3 /* RealityKitContent in Frameworks */ = {isa = PBXBuildFile; productRef = 3B5365FC2BC2658100AC7AC3 /* RealityKitContent */; };
		3B5365FF2BC2658100AC7AC3 /* Plane_DetectionApp.swift in Sources */ = {isa = PBXBuildFile; fileRef = 3B5365FE2BC2658100AC7AC3 /* Plane_DetectionApp.swift */; };
		3B5366012BC2658100AC7AC3 /* ContentView.swift in Sources */ = {isa = PBXBuildFile; fileRef = 3B5366002BC2658100AC7AC3 /* ContentView.swift */; };
		3B5366032BC2658100AC7AC3 /* ImmersiveView.swift in Sources */ = {isa = PBXBuildFile; fileRef = 3B5366022BC2658100AC7AC3 /* ImmersiveView.swift */; };
		3B5366052BC2658200AC7AC3 /* Assets.xcassets in Resources */ = {isa = PBXBuildFile; fileRef = 3B5366042BC2658200AC7AC3 /* Assets.xcassets */; };
		3B5366082BC2658200AC7AC3 /* Preview Assets.xcassets in Resources */ = {isa = PBXBuildFile; fileRef = 3B5366072BC2658200AC7AC3 /* Preview Assets.xcassets */; };
		3B5366142BC2701B00AC7AC3 /* Colors.swift in Sources */ = {isa = PBXBuildFile; fileRef = 3B5366132BC2701B00AC7AC3 /* Colors.swift */; };
		3B5366162BC2772E00AC7AC3 /* PlaneDetectionModel.swift in Sources */ = {isa = PBXBuildFile; fileRef = 3B5366152BC2772E00AC7AC3 /* PlaneDetectionModel.swift */; };
/* End PBXBuildFile section */

/* Begin PBXFileReference section */
		3B5365F72BC2658100AC7AC3 /* Plane Detection.app */ = {isa = PBXFileReference; explicitFileType = wrapper.application; includeInIndex = 0; path = "Plane Detection.app"; sourceTree = BUILT_PRODUCTS_DIR; };
		3B5365FB2BC2658100AC7AC3 /* RealityKitContent */ = {isa = PBXFileReference; lastKnownFileType = wrapper; path = RealityKitContent; sourceTree = "<group>"; };
		3B5365FE2BC2658100AC7AC3 /* Plane_DetectionApp.swift */ = {isa = PBXFileReference; lastKnownFileType = sourcecode.swift; path = Plane_DetectionApp.swift; sourceTree = "<group>"; };
		3B5366002BC2658100AC7AC3 /* ContentView.swift */ = {isa = PBXFileReference; lastKnownFileType = sourcecode.swift; path = ContentView.swift; sourceTree = "<group>"; };
		3B5366022BC2658100AC7AC3 /* ImmersiveView.swift */ = {isa = PBXFileReference; lastKnownFileType = sourcecode.swift; path = ImmersiveView.swift; sourceTree = "<group>"; };
		3B5366042BC2658200AC7AC3 /* Assets.xcassets */ = {isa = PBXFileReference; lastKnownFileType = folder.assetcatalog; path = Assets.xcassets; sourceTree = "<group>"; };
		3B5366072BC2658200AC7AC3 /* Preview Assets.xcassets */ = {isa = PBXFileReference; lastKnownFileType = folder.assetcatalog; path = "Preview Assets.xcassets"; sourceTree = "<group>"; };
		3B5366092BC2658200AC7AC3 /* Info.plist */ = {isa = PBXFileReference; lastKnownFileType = text.plist.xml; path = Info.plist; sourceTree = "<group>"; };
		3B5366132BC2701B00AC7AC3 /* Colors.swift */ = {isa = PBXFileReference; fileEncoding = 4; lastKnownFileType = sourcecode.swift; path = Colors.swift; sourceTree = "<group>"; };
		3B5366152BC2772E00AC7AC3 /* PlaneDetectionModel.swift */ = {isa = PBXFileReference; fileEncoding = 4; lastKnownFileType = sourcecode.swift; path = PlaneDetectionModel.swift; sourceTree = "<group>"; };
/* End PBXFileReference section */

/* Begin PBXFrameworksBuildPhase section */
		3B5365F42BC2658100AC7AC3 /* Frameworks */ = {
			isa = PBXFrameworksBuildPhase;
			buildActionMask = 2147483647;
			files = (
				3B5365FD2BC2658100AC7AC3 /* RealityKitContent in Frameworks */,
			);
			runOnlyForDeploymentPostprocessing = 0;
		};
/* End PBXFrameworksBuildPhase section */

/* Begin PBXGroup section */
		3B5365EE2BC2658100AC7AC3 = {
			isa = PBXGroup;
			children = (
				3B5365F92BC2658100AC7AC3 /* Plane Detection */,
				3B5365FA2BC2658100AC7AC3 /* Packages */,
				3B5365F82BC2658100AC7AC3 /* Products */,
			);
			sourceTree = "<group>";
		};
		3B5365F82BC2658100AC7AC3 /* Products */ = {
			isa = PBXGroup;
			children = (
				3B5365F72BC2658100AC7AC3 /* Plane Detection.app */,
			);
			name = Products;
			sourceTree = "<group>";
		};
		3B5365F92BC2658100AC7AC3 /* Plane Detection */ = {
			isa = PBXGroup;
			children = (
				3B5365FE2BC2658100AC7AC3 /* Plane_DetectionApp.swift */,
				3B5366002BC2658100AC7AC3 /* ContentView.swift */,
				3B5366022BC2658100AC7AC3 /* ImmersiveView.swift */,
				3B5366152BC2772E00AC7AC3 /* PlaneDetectionModel.swift */,
				3B5366132BC2701B00AC7AC3 /* Colors.swift */,
				3B5366042BC2658200AC7AC3 /* Assets.xcassets */,
				3B5366092BC2658200AC7AC3 /* Info.plist */,
				3B5366062BC2658200AC7AC3 /* Preview Content */,
			);
			path = "Plane Detection";
			sourceTree = "<group>";
		};
		3B5365FA2BC2658100AC7AC3 /* Packages */ = {
			isa = PBXGroup;
			children = (
				3B5365FB2BC2658100AC7AC3 /* RealityKitContent */,
			);
			path = Packages;
			sourceTree = "<group>";
		};
		3B5366062BC2658200AC7AC3 /* Preview Content */ = {
			isa = PBXGroup;
			children = (
				3B5366072BC2658200AC7AC3 /* Preview Assets.xcassets */,
			);
			path = "Preview Content";
			sourceTree = "<group>";
		};
/* End PBXGroup section */

/* Begin PBXNativeTarget section */
		3B5365F62BC2658100AC7AC3 /* Plane Detection */ = {
			isa = PBXNativeTarget;
			buildConfigurationList = 3B53660C2BC2658200AC7AC3 /* Build configuration list for PBXNativeTarget "Plane Detection" */;
			buildPhases = (
				3B5365F32BC2658100AC7AC3 /* Sources */,
				3B5365F42BC2658100AC7AC3 /* Frameworks */,
				3B5365F52BC2658100AC7AC3 /* Resources */,
			);
			buildRules = (
			);
			dependencies = (
			);
			name = "Plane Detection";
			packageProductDependencies = (
				3B5365FC2BC2658100AC7AC3 /* RealityKitContent */,
			);
			productName = "Plane Detection";
			productReference = 3B5365F72BC2658100AC7AC3 /* Plane Detection.app */;
			productType = "com.apple.product-type.application";
		};
/* End PBXNativeTarget section */

/* Begin PBXProject section */
		3B5365EF2BC2658100AC7AC3 /* Project object */ = {
			isa = PBXProject;
			attributes = {
				BuildIndependentTargetsInParallel = 1;
				LastSwiftUpdateCheck = 1530;
				LastUpgradeCheck = 1530;
				TargetAttributes = {
					3B5365F62BC2658100AC7AC3 = {
						CreatedOnToolsVersion = 15.3;
					};
				};
			};
			buildConfigurationList = 3B5365F22BC2658100AC7AC3 /* Build configuration list for PBXProject "Plane Detection" */;
			compatibilityVersion = "Xcode 14.0";
			developmentRegion = en;
			hasScannedForEncodings = 0;
			knownRegions = (
				en,
				Base,
			);
			mainGroup = 3B5365EE2BC2658100AC7AC3;
			productRefGroup = 3B5365F82BC2658100AC7AC3 /* Products */;
			projectDirPath = "";
			projectRoot = "";
			targets = (
				3B5365F62BC2658100AC7AC3 /* Plane Detection */,
			);
		};
/* End PBXProject section */

/* Begin PBXResourcesBuildPhase section */
		3B5365F52BC2658100AC7AC3 /* Resources */ = {
			isa = PBXResourcesBuildPhase;
			buildActionMask = 2147483647;
			files = (
				3B5366082BC2658200AC7AC3 /* Preview Assets.xcassets in Resources */,
				3B5366052BC2658200AC7AC3 /* Assets.xcassets in Resources */,
			);
			runOnlyForDeploymentPostprocessing = 0;
		};
/* End PBXResourcesBuildPhase section */

/* Begin PBXSourcesBuildPhase section */
		3B5365F32BC2658100AC7AC3 /* Sources */ = {
			isa = PBXSourcesBuildPhase;
			buildActionMask = 2147483647;
			files = (
				3B5366012BC2658100AC7AC3 /* ContentView.swift in Sources */,
				3B5366142BC2701B00AC7AC3 /* Colors.swift in Sources */,
				3B5366162BC2772E00AC7AC3 /* PlaneDetectionModel.swift in Sources */,
				3B5365FF2BC2658100AC7AC3 /* Plane_DetectionApp.swift in Sources */,
				3B5366032BC2658100AC7AC3 /* ImmersiveView.swift in Sources */,
			);
			runOnlyForDeploymentPostprocessing = 0;
		};
/* End PBXSourcesBuildPhase section */

/* Begin XCBuildConfiguration section */
		3B53660A2BC2658200AC7AC3 /* Debug */ = {
			isa = XCBuildConfiguration;
			buildSettings = {
				ALWAYS_SEARCH_USER_PATHS = NO;
				ASSETCATALOG_COMPILER_GENERATE_SWIFT_ASSET_SYMBOL_EXTENSIONS = YES;
				CLANG_ANALYZER_NONNULL = YES;
				CLANG_ANALYZER_NUMBER_OBJECT_CONVERSION = YES_AGGRESSIVE;
				CLANG_CXX_LANGUAGE_STANDARD = "gnu++20";
				CLANG_ENABLE_MODULES = YES;
				CLANG_ENABLE_OBJC_ARC = YES;
				CLANG_ENABLE_OBJC_WEAK = YES;
				CLANG_WARN_BLOCK_CAPTURE_AUTORELEASING = YES;
				CLANG_WARN_BOOL_CONVERSION = YES;
				CLANG_WARN_COMMA = YES;
				CLANG_WARN_CONSTANT_CONVERSION = YES;
				CLANG_WARN_DEPRECATED_OBJC_IMPLEMENTATIONS = YES;
				CLANG_WARN_DIRECT_OBJC_ISA_USAGE = YES_ERROR;
				CLANG_WARN_DOCUMENTATION_COMMENTS = YES;
				CLANG_WARN_EMPTY_BODY = YES;
				CLANG_WARN_ENUM_CONVERSION = YES;
				CLANG_WARN_INFINITE_RECURSION = YES;
				CLANG_WARN_INT_CONVERSION = YES;
				CLANG_WARN_NON_LITERAL_NULL_CONVERSION = YES;
				CLANG_WARN_OBJC_IMPLICIT_RETAIN_SELF = YES;
				CLANG_WARN_OBJC_LITERAL_CONVERSION = YES;
				CLANG_WARN_OBJC_ROOT_CLASS = YES_ERROR;
				CLANG_WARN_QUOTED_INCLUDE_IN_FRAMEWORK_HEADER = YES;
				CLANG_WARN_RANGE_LOOP_ANALYSIS = YES;
				CLANG_WARN_STRICT_PROTOTYPES = YES;
				CLANG_WARN_SUSPICIOUS_MOVE = YES;
				CLANG_WARN_UNGUARDED_AVAILABILITY = YES_AGGRESSIVE;
				CLANG_WARN_UNREACHABLE_CODE = YES;
				CLANG_WARN__DUPLICATE_METHOD_MATCH = YES;
				COPY_PHASE_STRIP = NO;
				DEBUG_INFORMATION_FORMAT = dwarf;
				ENABLE_STRICT_OBJC_MSGSEND = YES;
				ENABLE_TESTABILITY = YES;
				ENABLE_USER_SCRIPT_SANDBOXING = YES;
				GCC_C_LANGUAGE_STANDARD = gnu17;
				GCC_DYNAMIC_NO_PIC = NO;
				GCC_NO_COMMON_BLOCKS = YES;
				GCC_OPTIMIZATION_LEVEL = 0;
				GCC_PREPROCESSOR_DEFINITIONS = (
					"DEBUG=1",
					"$(inherited)",
				);
				GCC_WARN_64_TO_32_BIT_CONVERSION = YES;
				GCC_WARN_ABOUT_RETURN_TYPE = YES_ERROR;
				GCC_WARN_UNDECLARED_SELECTOR = YES;
				GCC_WARN_UNINITIALIZED_AUTOS = YES_AGGRESSIVE;
				GCC_WARN_UNUSED_FUNCTION = YES;
				GCC_WARN_UNUSED_VARIABLE = YES;
				LOCALIZATION_PREFERS_STRING_CATALOGS = YES;
				MTL_ENABLE_DEBUG_INFO = INCLUDE_SOURCE;
				MTL_FAST_MATH = YES;
				ONLY_ACTIVE_ARCH = YES;
				SDKROOT = xros;
				SWIFT_ACTIVE_COMPILATION_CONDITIONS = "DEBUG $(inherited)";
				SWIFT_OPTIMIZATION_LEVEL = "-Onone";
				XROS_DEPLOYMENT_TARGET = 1.1;
			};
			name = Debug;
		};
		3B53660B2BC2658200AC7AC3 /* Release */ = {
			isa = XCBuildConfiguration;
			buildSettings = {
				ALWAYS_SEARCH_USER_PATHS = NO;
				ASSETCATALOG_COMPILER_GENERATE_SWIFT_ASSET_SYMBOL_EXTENSIONS = YES;
				CLANG_ANALYZER_NONNULL = YES;
				CLANG_ANALYZER_NUMBER_OBJECT_CONVERSION = YES_AGGRESSIVE;
				CLANG_CXX_LANGUAGE_STANDARD = "gnu++20";
				CLANG_ENABLE_MODULES = YES;
				CLANG_ENABLE_OBJC_ARC = YES;
				CLANG_ENABLE_OBJC_WEAK = YES;
				CLANG_WARN_BLOCK_CAPTURE_AUTORELEASING = YES;
				CLANG_WARN_BOOL_CONVERSION = YES;
				CLANG_WARN_COMMA = YES;
				CLANG_WARN_CONSTANT_CONVERSION = YES;
				CLANG_WARN_DEPRECATED_OBJC_IMPLEMENTATIONS = YES;
				CLANG_WARN_DIRECT_OBJC_ISA_USAGE = YES_ERROR;
				CLANG_WARN_DOCUMENTATION_COMMENTS = YES;
				CLANG_WARN_EMPTY_BODY = YES;
				CLANG_WARN_ENUM_CONVERSION = YES;
				CLANG_WARN_INFINITE_RECURSION = YES;
				CLANG_WARN_INT_CONVERSION = YES;
				CLANG_WARN_NON_LITERAL_NULL_CONVERSION = YES;
				CLANG_WARN_OBJC_IMPLICIT_RETAIN_SELF = YES;
				CLANG_WARN_OBJC_LITERAL_CONVERSION = YES;
				CLANG_WARN_OBJC_ROOT_CLASS = YES_ERROR;
				CLANG_WARN_QUOTED_INCLUDE_IN_FRAMEWORK_HEADER = YES;
				CLANG_WARN_RANGE_LOOP_ANALYSIS = YES;
				CLANG_WARN_STRICT_PROTOTYPES = YES;
				CLANG_WARN_SUSPICIOUS_MOVE = YES;
				CLANG_WARN_UNGUARDED_AVAILABILITY = YES_AGGRESSIVE;
				CLANG_WARN_UNREACHABLE_CODE = YES;
				CLANG_WARN__DUPLICATE_METHOD_MATCH = YES;
				COPY_PHASE_STRIP = NO;
				DEBUG_INFORMATION_FORMAT = "dwarf-with-dsym";
				ENABLE_NS_ASSERTIONS = NO;
				ENABLE_STRICT_OBJC_MSGSEND = YES;
				ENABLE_USER_SCRIPT_SANDBOXING = YES;
				GCC_C_LANGUAGE_STANDARD = gnu17;
				GCC_NO_COMMON_BLOCKS = YES;
				GCC_WARN_64_TO_32_BIT_CONVERSION = YES;
				GCC_WARN_ABOUT_RETURN_TYPE = YES_ERROR;
				GCC_WARN_UNDECLARED_SELECTOR = YES;
				GCC_WARN_UNINITIALIZED_AUTOS = YES_AGGRESSIVE;
				GCC_WARN_UNUSED_FUNCTION = YES;
				GCC_WARN_UNUSED_VARIABLE = YES;
				LOCALIZATION_PREFERS_STRING_CATALOGS = YES;
				MTL_ENABLE_DEBUG_INFO = NO;
				MTL_FAST_MATH = YES;
				SDKROOT = xros;
				SWIFT_COMPILATION_MODE = wholemodule;
				VALIDATE_PRODUCT = YES;
				XROS_DEPLOYMENT_TARGET = 1.1;
			};
			name = Release;
		};
		3B53660D2BC2658200AC7AC3 /* Debug */ = {
			isa = XCBuildConfiguration;
			buildSettings = {
				ASSETCATALOG_COMPILER_APPICON_NAME = AppIcon;
				ASSETCATALOG_COMPILER_GLOBAL_ACCENT_COLOR_NAME = AccentColor;
				CODE_SIGN_STYLE = Automatic;
				CURRENT_PROJECT_VERSION = 1;
				DEVELOPMENT_ASSET_PATHS = "\"Plane Detection/Preview Content\"";
				DEVELOPMENT_TEAM = 2DJDH872JZ;
				ENABLE_PREVIEWS = YES;
				GENERATE_INFOPLIST_FILE = YES;
				INFOPLIST_FILE = "$(TARGET_NAME)/Info.plist";
				LD_RUNPATH_SEARCH_PATHS = (
					"$(inherited)",
					"@executable_path/Frameworks",
				);
				MARKETING_VERSION = 1.0;
				PRODUCT_BUNDLE_IDENTIFIER = "com.ivancampos.Plane-Detection";
				PRODUCT_NAME = "$(TARGET_NAME)";
				SUPPORTED_PLATFORMS = "xros xrsimulator";
				SWIFT_EMIT_LOC_STRINGS = YES;
				SWIFT_VERSION = 5.0;
				TARGETED_DEVICE_FAMILY = "1,2,7";
			};
			name = Debug;
		};
		3B53660E2BC2658200AC7AC3 /* Release */ = {
			isa = XCBuildConfiguration;
			buildSettings = {
				ASSETCATALOG_COMPILER_APPICON_NAME = AppIcon;
				ASSETCATALOG_COMPILER_GLOBAL_ACCENT_COLOR_NAME = AccentColor;
				CODE_SIGN_STYLE = Automatic;
				CURRENT_PROJECT_VERSION = 1;
				DEVELOPMENT_ASSET_PATHS = "\"Plane Detection/Preview Content\"";
				DEVELOPMENT_TEAM = 2DJDH872JZ;
				ENABLE_PREVIEWS = YES;
				GENERATE_INFOPLIST_FILE = YES;
				INFOPLIST_FILE = "$(TARGET_NAME)/Info.plist";
				LD_RUNPATH_SEARCH_PATHS = (
					"$(inherited)",
					"@executable_path/Frameworks",
				);
				MARKETING_VERSION = 1.0;
				PRODUCT_BUNDLE_IDENTIFIER = "com.ivancampos.Plane-Detection";
				PRODUCT_NAME = "$(TARGET_NAME)";
				SUPPORTED_PLATFORMS = "xros xrsimulator";
				SWIFT_EMIT_LOC_STRINGS = YES;
				SWIFT_VERSION = 5.0;
				TARGETED_DEVICE_FAMILY = "1,2,7";
			};
			name = Release;
		};
/* End XCBuildConfiguration section */

/* Begin XCConfigurationList section */
		3B5365F22BC2658100AC7AC3 /* Build configuration list for PBXProject "Plane Detection" */ = {
			isa = XCConfigurationList;
			buildConfigurations = (
				3B53660A2BC2658200AC7AC3 /* Debug */,
				3B53660B2BC2658200AC7AC3 /* Release */,
			);
			defaultConfigurationIsVisible = 0;
			defaultConfigurationName = Release;
		};
		3B53660C2BC2658200AC7AC3 /* Build configuration list for PBXNativeTarget "Plane Detection" */ = {
			isa = XCConfigurationList;
			buildConfigurations = (
				3B53660D2BC2658200AC7AC3 /* Debug */,
				3B53660E2BC2658200AC7AC3 /* Release */,
			);
			defaultConfigurationIsVisible = 0;
			defaultConfigurationName = Release;
		};
/* End XCConfigurationList section */

/* Begin XCSwiftPackageProductDependency section */
		3B5365FC2BC2658100AC7AC3 /* RealityKitContent */ = {
			isa = XCSwiftPackageProductDependency;
			productName = RealityKitContent;
		};
/* End XCSwiftPackageProductDependency section */
	};
	rootObject = 3B5365EF2BC2658100AC7AC3 /* Project object */;
}
