// !$*UTF8*$!
{
	archiveVersion = 1;
	classes = {
	};
	objectVersion = 56;
	objects = {

/* Begin PBXBuildFile section */
		3B2421E92B8872C000BDC25D /* RealityKitContent in Frameworks */ = {isa = PBXBuildFile; productRef = 3B2421E82B8872C000BDC25D /* RealityKitContent */; };
		3B2421EB2B8872C000BDC25D /* HandTrackingApp.swift in Sources */ = {isa = PBXBuildFile; fileRef = 3B2421EA2B8872C000BDC25D /* HandTrackingApp.swift */; };
		3B2421ED2B8872C000BDC25D /* ContentView.swift in Sources */ = {isa = PBXBuildFile; fileRef = 3B2421EC2B8872C000BDC25D /* ContentView.swift */; };
		3B2421EF2B8872C000BDC25D /* ImmersiveView.swift in Sources */ = {isa = PBXBuildFile; fileRef = 3B2421EE2B8872C000BDC25D /* ImmersiveView.swift */; };
		3B2421F32B8872C100BDC25D /* Assets.xcassets in Resources */ = {isa = PBXBuildFile; fileRef = 3B2421F22B8872C100BDC25D /* Assets.xcassets */; };
		3B2421F62B8872C100BDC25D /* Preview Assets.xcassets in Resources */ = {isa = PBXBuildFile; fileRef = 3B2421F52B8872C100BDC25D /* Preview Assets.xcassets */; };
		3B2422152B88807B00BDC25D /* Extensions.swift in Sources */ = {isa = PBXBuildFile; fileRef = 3B2422142B88807B00BDC25D /* Extensions.swift */; };
		3BAC410E2B88842C00E5FD68 /* HandTrackingModel.swift in Sources */ = {isa = PBXBuildFile; fileRef = 3BAC410D2B88842C00E5FD68 /* HandTrackingModel.swift */; };
/* End PBXBuildFile section */

/* Begin PBXFileReference section */
		3B2421E32B8872C000BDC25D /* HandTracking.app */ = {isa = PBXFileReference; explicitFileType = wrapper.application; includeInIndex = 0; path = HandTracking.app; sourceTree = BUILT_PRODUCTS_DIR; };
		3B2421E72B8872C000BDC25D /* RealityKitContent */ = {isa = PBXFileReference; lastKnownFileType = wrapper; path = RealityKitContent; sourceTree = "<group>"; };
		3B2421EA2B8872C000BDC25D /* HandTrackingApp.swift */ = {isa = PBXFileReference; lastKnownFileType = sourcecode.swift; path = HandTrackingApp.swift; sourceTree = "<group>"; };
		3B2421EC2B8872C000BDC25D /* ContentView.swift */ = {isa = PBXFileReference; lastKnownFileType = sourcecode.swift; path = ContentView.swift; sourceTree = "<group>"; };
		3B2421EE2B8872C000BDC25D /* ImmersiveView.swift */ = {isa = PBXFileReference; lastKnownFileType = sourcecode.swift; path = ImmersiveView.swift; sourceTree = "<group>"; };
		3B2421F22B8872C100BDC25D /* Assets.xcassets */ = {isa = PBXFileReference; lastKnownFileType = folder.assetcatalog; path = Assets.xcassets; sourceTree = "<group>"; };
		3B2421F52B8872C100BDC25D /* Preview Assets.xcassets */ = {isa = PBXFileReference; lastKnownFileType = folder.assetcatalog; path = "Preview Assets.xcassets"; sourceTree = "<group>"; };
		3B2421F72B8872C100BDC25D /* Info.plist */ = {isa = PBXFileReference; lastKnownFileType = text.plist.xml; path = Info.plist; sourceTree = "<group>"; };
		3B2422142B88807B00BDC25D /* Extensions.swift */ = {isa = PBXFileReference; lastKnownFileType = sourcecode.swift; path = Extensions.swift; sourceTree = "<group>"; };
		3BAC410D2B88842C00E5FD68 /* HandTrackingModel.swift */ = {isa = PBXFileReference; lastKnownFileType = sourcecode.swift; path = HandTrackingModel.swift; sourceTree = "<group>"; };
/* End PBXFileReference section */

/* Begin PBXFrameworksBuildPhase section */
		3B2421E02B8872C000BDC25D /* Frameworks */ = {
			isa = PBXFrameworksBuildPhase;
			buildActionMask = 2147483647;
			files = (
				3B2421E92B8872C000BDC25D /* RealityKitContent in Frameworks */,
			);
			runOnlyForDeploymentPostprocessing = 0;
		};
/* End PBXFrameworksBuildPhase section */

/* Begin PBXGroup section */
		3B2421DA2B8872C000BDC25D = {
			isa = PBXGroup;
			children = (
				3B2421E52B8872C000BDC25D /* HandTracking */,
				3B2421E62B8872C000BDC25D /* Packages */,
				3B2421E42B8872C000BDC25D /* Products */,
			);
			sourceTree = "<group>";
		};
		3B2421E42B8872C000BDC25D /* Products */ = {
			isa = PBXGroup;
			children = (
				3B2421E32B8872C000BDC25D /* HandTracking.app */,
			);
			name = Products;
			sourceTree = "<group>";
		};
		3B2421E52B8872C000BDC25D /* HandTracking */ = {
			isa = PBXGroup;
			children = (
				3B2421EA2B8872C000BDC25D /* HandTrackingApp.swift */,
				3B2421EC2B8872C000BDC25D /* ContentView.swift */,
				3B2421EE2B8872C000BDC25D /* ImmersiveView.swift */,
				3BAC410D2B88842C00E5FD68 /* HandTrackingModel.swift */,
				3B2422142B88807B00BDC25D /* Extensions.swift */,
				3B2421F22B8872C100BDC25D /* Assets.xcassets */,
				3B2421F72B8872C100BDC25D /* Info.plist */,
				3B2421F42B8872C100BDC25D /* Preview Content */,
			);
			path = HandTracking;
			sourceTree = "<group>";
		};
		3B2421E62B8872C000BDC25D /* Packages */ = {
			isa = PBXGroup;
			children = (
				3B2421E72B8872C000BDC25D /* RealityKitContent */,
			);
			path = Packages;
			sourceTree = "<group>";
		};
		3B2421F42B8872C100BDC25D /* Preview Content */ = {
			isa = PBXGroup;
			children = (
				3B2421F52B8872C100BDC25D /* Preview Assets.xcassets */,
			);
			path = "Preview Content";
			sourceTree = "<group>";
		};
/* End PBXGroup section */

/* Begin PBXNativeTarget section */
		3B2421E22B8872C000BDC25D /* HandTracking */ = {
			isa = PBXNativeTarget;
			buildConfigurationList = 3B2421FA2B8872C100BDC25D /* Build configuration list for PBXNativeTarget "HandTracking" */;
			buildPhases = (
				3B2421DF2B8872C000BDC25D /* Sources */,
				3B2421E02B8872C000BDC25D /* Frameworks */,
				3B2421E12B8872C000BDC25D /* Resources */,
			);
			buildRules = (
			);
			dependencies = (
			);
			name = HandTracking;
			packageProductDependencies = (
				3B2421E82B8872C000BDC25D /* RealityKitContent */,
			);
			productName = "Optimus Prime";
			productReference = 3B2421E32B8872C000BDC25D /* HandTracking.app */;
			productType = "com.apple.product-type.application";
		};
/* End PBXNativeTarget section */

/* Begin PBXProject section */
		3B2421DB2B8872C000BDC25D /* Project object */ = {
			isa = PBXProject;
			attributes = {
				BuildIndependentTargetsInParallel = 1;
				LastSwiftUpdateCheck = 1520;
				LastUpgradeCheck = 1520;
				TargetAttributes = {
					3B2421E22B8872C000BDC25D = {
						CreatedOnToolsVersion = 15.2;
					};
				};
			};
			buildConfigurationList = 3B2421DE2B8872C000BDC25D /* Build configuration list for PBXProject "HandTracking" */;
			compatibilityVersion = "Xcode 14.0";
			developmentRegion = en;
			hasScannedForEncodings = 0;
			knownRegions = (
				en,
				Base,
			);
			mainGroup = 3B2421DA2B8872C000BDC25D;
			productRefGroup = 3B2421E42B8872C000BDC25D /* Products */;
			projectDirPath = "";
			projectRoot = "";
			targets = (
				3B2421E22B8872C000BDC25D /* HandTracking */,
			);
		};
/* End PBXProject section */

/* Begin PBXResourcesBuildPhase section */
		3B2421E12B8872C000BDC25D /* Resources */ = {
			isa = PBXResourcesBuildPhase;
			buildActionMask = 2147483647;
			files = (
				3B2421F32B8872C100BDC25D /* Assets.xcassets in Resources */,
				3B2421F62B8872C100BDC25D /* Preview Assets.xcassets in Resources */,
			);
			runOnlyForDeploymentPostprocessing = 0;
		};
/* End PBXResourcesBuildPhase section */

/* Begin PBXSourcesBuildPhase section */
		3B2421DF2B8872C000BDC25D /* Sources */ = {
			isa = PBXSourcesBuildPhase;
			buildActionMask = 2147483647;
			files = (
				3B2421ED2B8872C000BDC25D /* ContentView.swift in Sources */,
				3B2421EB2B8872C000BDC25D /* HandTrackingApp.swift in Sources */,
				3BAC410E2B88842C00E5FD68 /* HandTrackingModel.swift in Sources */,
				3B2422152B88807B00BDC25D /* Extensions.swift in Sources */,
				3B2421EF2B8872C000BDC25D /* ImmersiveView.swift in Sources */,
			);
			runOnlyForDeploymentPostprocessing = 0;
		};
/* End PBXSourcesBuildPhase section */

/* Begin XCBuildConfiguration section */
		3B2421F82B8872C100BDC25D /* Debug */ = {
			isa = XCBuildConfiguration;
			buildSettings = {
				ALWAYS_SEARCH_USER_PATHS = NO;
				ASSETCATALOG_COMPILER_GENERATE_SWIFT_ASSET_SYMBOL_EXTENSIONS = YES;
				CLANG_ANALYZER_NONNULL = YES;
				CLANG_ANALYZER_NUMBER_OBJECT_CONVERSION = YES_AGGRESSIVE;
				CLANG_CXX_LANGUAGE_STANDARD = "gnu++20";
				CLANG_ENABLE_MODULES = YES;
				CLANG_ENABLE_OBJC_ARC = YES;
				CLANG_ENABLE_OBJC_WEAK = YES;
				CLANG_WARN_BLOCK_CAPTURE_AUTORELEASING = YES;
				CLANG_WARN_BOOL_CONVERSION = YES;
				CLANG_WARN_COMMA = YES;
				CLANG_WARN_CONSTANT_CONVERSION = YES;
				CLANG_WARN_DEPRECATED_OBJC_IMPLEMENTATIONS = YES;
				CLANG_WARN_DIRECT_OBJC_ISA_USAGE = YES_ERROR;
				CLANG_WARN_DOCUMENTATION_COMMENTS = YES;
				CLANG_WARN_EMPTY_BODY = YES;
				CLANG_WARN_ENUM_CONVERSION = YES;
				CLANG_WARN_INFINITE_RECURSION = YES;
				CLANG_WARN_INT_CONVERSION = YES;
				CLANG_WARN_NON_LITERAL_NULL_CONVERSION = YES;
				CLANG_WARN_OBJC_IMPLICIT_RETAIN_SELF = YES;
				CLANG_WARN_OBJC_LITERAL_CONVERSION = YES;
				CLANG_WARN_OBJC_ROOT_CLASS = YES_ERROR;
				CLANG_WARN_QUOTED_INCLUDE_IN_FRAMEWORK_HEADER = YES;
				CLANG_WARN_RANGE_LOOP_ANALYSIS = YES;
				CLANG_WARN_STRICT_PROTOTYPES = YES;
				CLANG_WARN_SUSPICIOUS_MOVE = YES;
				CLANG_WARN_UNGUARDED_AVAILABILITY = YES_AGGRESSIVE;
				CLANG_WARN_UNREACHABLE_CODE = YES;
				CLANG_WARN__DUPLICATE_METHOD_MATCH = YES;
				COPY_PHASE_STRIP = NO;
				DEBUG_INFORMATION_FORMAT = dwarf;
				ENABLE_STRICT_OBJC_MSGSEND = YES;
				ENABLE_TESTABILITY = YES;
				ENABLE_USER_SCRIPT_SANDBOXING = YES;
				GCC_C_LANGUAGE_STANDARD = gnu17;
				GCC_DYNAMIC_NO_PIC = NO;
				GCC_NO_COMMON_BLOCKS = YES;
				GCC_OPTIMIZATION_LEVEL = 0;
				GCC_PREPROCESSOR_DEFINITIONS = (
					"DEBUG=1",
					"$(inherited)",
				);
				GCC_WARN_64_TO_32_BIT_CONVERSION = YES;
				GCC_WARN_ABOUT_RETURN_TYPE = YES_ERROR;
				GCC_WARN_UNDECLARED_SELECTOR = YES;
				GCC_WARN_UNINITIALIZED_AUTOS = YES_AGGRESSIVE;
				GCC_WARN_UNUSED_FUNCTION = YES;
				GCC_WARN_UNUSED_VARIABLE = YES;
				LOCALIZATION_PREFERS_STRING_CATALOGS = YES;
				MTL_ENABLE_DEBUG_INFO = INCLUDE_SOURCE;
				MTL_FAST_MATH = YES;
				ONLY_ACTIVE_ARCH = YES;
				SDKROOT = xros;
				SWIFT_ACTIVE_COMPILATION_CONDITIONS = "DEBUG $(inherited)";
				SWIFT_OPTIMIZATION_LEVEL = "-Onone";
				XROS_DEPLOYMENT_TARGET = 1.0;
			};
			name = Debug;
		};
		3B2421F92B8872C100BDC25D /* Release */ = {
			isa = XCBuildConfiguration;
			buildSettings = {
				ALWAYS_SEARCH_USER_PATHS = NO;
				ASSETCATALOG_COMPILER_GENERATE_SWIFT_ASSET_SYMBOL_EXTENSIONS = YES;
				CLANG_ANALYZER_NONNULL = YES;
				CLANG_ANALYZER_NUMBER_OBJECT_CONVERSION = YES_AGGRESSIVE;
				CLANG_CXX_LANGUAGE_STANDARD = "gnu++20";
				CLANG_ENABLE_MODULES = YES;
				CLANG_ENABLE_OBJC_ARC = YES;
				CLANG_ENABLE_OBJC_WEAK = YES;
				CLANG_WARN_BLOCK_CAPTURE_AUTORELEASING = YES;
				CLANG_WARN_BOOL_CONVERSION = YES;
				CLANG_WARN_COMMA = YES;
				CLANG_WARN_CONSTANT_CONVERSION = YES;
				CLANG_WARN_DEPRECATED_OBJC_IMPLEMENTATIONS = YES;
				CLANG_WARN_DIRECT_OBJC_ISA_USAGE = YES_ERROR;
				CLANG_WARN_DOCUMENTATION_COMMENTS = YES;
				CLANG_WARN_EMPTY_BODY = YES;
				CLANG_WARN_ENUM_CONVERSION = YES;
				CLANG_WARN_INFINITE_RECURSION = YES;
				CLANG_WARN_INT_CONVERSION = YES;
				CLANG_WARN_NON_LITERAL_NULL_CONVERSION = YES;
				CLANG_WARN_OBJC_IMPLICIT_RETAIN_SELF = YES;
				CLANG_WARN_OBJC_LITERAL_CONVERSION = YES;
				CLANG_WARN_OBJC_ROOT_CLASS = YES_ERROR;
				CLANG_WARN_QUOTED_INCLUDE_IN_FRAMEWORK_HEADER = YES;
				CLANG_WARN_RANGE_LOOP_ANALYSIS = YES;
				CLANG_WARN_STRICT_PROTOTYPES = YES;
				CLANG_WARN_SUSPICIOUS_MOVE = YES;
				CLANG_WARN_UNGUARDED_AVAILABILITY = YES_AGGRESSIVE;
				CLANG_WARN_UNREACHABLE_CODE = YES;
				CLANG_WARN__DUPLICATE_METHOD_MATCH = YES;
				COPY_PHASE_STRIP = NO;
				DEBUG_INFORMATION_FORMAT = "dwarf-with-dsym";
				ENABLE_NS_ASSERTIONS = NO;
				ENABLE_STRICT_OBJC_MSGSEND = YES;
				ENABLE_USER_SCRIPT_SANDBOXING = YES;
				GCC_C_LANGUAGE_STANDARD = gnu17;
				GCC_NO_COMMON_BLOCKS = YES;
				GCC_WARN_64_TO_32_BIT_CONVERSION = YES;
				GCC_WARN_ABOUT_RETURN_TYPE = YES_ERROR;
				GCC_WARN_UNDECLARED_SELECTOR = YES;
				GCC_WARN_UNINITIALIZED_AUTOS = YES_AGGRESSIVE;
				GCC_WARN_UNUSED_FUNCTION = YES;
				GCC_WARN_UNUSED_VARIABLE = YES;
				LOCALIZATION_PREFERS_STRING_CATALOGS = YES;
				MTL_ENABLE_DEBUG_INFO = NO;
				MTL_FAST_MATH = YES;
				SDKROOT = xros;
				SWIFT_COMPILATION_MODE = wholemodule;
				VALIDATE_PRODUCT = YES;
				XROS_DEPLOYMENT_TARGET = 1.0;
			};
			name = Release;
		};
		3B2421FB2B8872C100BDC25D /* Debug */ = {
			isa = XCBuildConfiguration;
			buildSettings = {
				ASSETCATALOG_COMPILER_APPICON_NAME = AppIcon;
				ASSETCATALOG_COMPILER_GLOBAL_ACCENT_COLOR_NAME = AccentColor;
				CODE_SIGN_STYLE = Automatic;
				CURRENT_PROJECT_VERSION = 1;
				DEVELOPMENT_ASSET_PATHS = "\"HandTracking/Preview Content\"";
				DEVELOPMENT_TEAM = 2DJDH872JZ;
				ENABLE_PREVIEWS = YES;
				GENERATE_INFOPLIST_FILE = YES;
				INFOPLIST_FILE = "$(TARGET_NAME)/Info.plist";
				LD_RUNPATH_SEARCH_PATHS = (
					"$(inherited)",
					"@executable_path/Frameworks",
				);
				MARKETING_VERSION = 1.0;
				PRODUCT_BUNDLE_IDENTIFIER = com.ivancampos.HandTracking;
				PRODUCT_NAME = "$(TARGET_NAME)";
				SUPPORTED_PLATFORMS = "xros xrsimulator";
				SWIFT_EMIT_LOC_STRINGS = YES;
				SWIFT_VERSION = 5.0;
				TARGETED_DEVICE_FAMILY = "1,2,7";
			};
			name = Debug;
		};
		3B2421FC2B8872C100BDC25D /* Release */ = {
			isa = XCBuildConfiguration;
			buildSettings = {
				ASSETCATALOG_COMPILER_APPICON_NAME = AppIcon;
				ASSETCATALOG_COMPILER_GLOBAL_ACCENT_COLOR_NAME = AccentColor;
				CODE_SIGN_STYLE = Automatic;
				CURRENT_PROJECT_VERSION = 1;
				DEVELOPMENT_ASSET_PATHS = "\"HandTracking/Preview Content\"";
				DEVELOPMENT_TEAM = 2DJDH872JZ;
				ENABLE_PREVIEWS = YES;
				GENERATE_INFOPLIST_FILE = YES;
				INFOPLIST_FILE = "$(TARGET_NAME)/Info.plist";
				LD_RUNPATH_SEARCH_PATHS = (
					"$(inherited)",
					"@executable_path/Frameworks",
				);
				MARKETING_VERSION = 1.0;
				PRODUCT_BUNDLE_IDENTIFIER = com.ivancampos.HandTracking;
				PRODUCT_NAME = "$(TARGET_NAME)";
				SUPPORTED_PLATFORMS = "xros xrsimulator";
				SWIFT_EMIT_LOC_STRINGS = YES;
				SWIFT_VERSION = 5.0;
				TARGETED_DEVICE_FAMILY = "1,2,7";
			};
			name = Release;
		};
/* End XCBuildConfiguration section */

/* Begin XCConfigurationList section */
		3B2421DE2B8872C000BDC25D /* Build configuration list for PBXProject "HandTracking" */ = {
			isa = XCConfigurationList;
			buildConfigurations = (
				3B2421F82B8872C100BDC25D /* Debug */,
				3B2421F92B8872C100BDC25D /* Release */,
			);
			defaultConfigurationIsVisible = 0;
			defaultConfigurationName = Release;
		};
		3B2421FA2B8872C100BDC25D /* Build configuration list for PBXNativeTarget "HandTracking" */ = {
			isa = XCConfigurationList;
			buildConfigurations = (
				3B2421FB2B8872C100BDC25D /* Debug */,
				3B2421FC2B8872C100BDC25D /* Release */,
			);
			defaultConfigurationIsVisible = 0;
			defaultConfigurationName = Release;
		};
/* End XCConfigurationList section */

/* Begin XCSwiftPackageProductDependency section */
		3B2421E82B8872C000BDC25D /* RealityKitContent */ = {
			isa = XCSwiftPackageProductDependency;
			productName = RealityKitContent;
		};
/* End XCSwiftPackageProductDependency section */
	};
	rootObject = 3B2421DB2B8872C000BDC25D /* Project object */;
}
