// !$*UTF8*$!
{
	archiveVersion = 1;
	classes = {
	};
	objectVersion = 56;
	objects = {

/* Begin PBXBuildFile section */
		3B3A05B52B64B149008FF558 /* RealityKitContent in Frameworks */ = {isa = PBXBuildFile; productRef = 3B3A05B42B64B149008FF558 /* RealityKitContent */; };
		3B3A05B72B64B149008FF558 /* ChatAVPApp.swift in Sources */ = {isa = PBXBuildFile; fileRef = 3B3A05B62B64B149008FF558 /* ChatAVPApp.swift */; };
		3B3A05B92B64B149008FF558 /* ContentView.swift in Sources */ = {isa = PBXBuildFile; fileRef = 3B3A05B82B64B149008FF558 /* ContentView.swift */; };
		3B3A05BB2B64B14A008FF558 /* Assets.xcassets in Resources */ = {isa = PBXBuildFile; fileRef = 3B3A05BA2B64B14A008FF558 /* Assets.xcassets */; };
		3B3A05BE2B64B14A008FF558 /* Preview Assets.xcassets in Resources */ = {isa = PBXBuildFile; fileRef = 3B3A05BD2B64B14A008FF558 /* Preview Assets.xcassets */; };
		3B3C71E32B82A30E00167B5B /* SearchBar.swift in Sources */ = {isa = PBXBuildFile; fileRef = 3B3C71E22B82A30E00167B5B /* SearchBar.swift */; };
		3B3C71E52B82AC9E00167B5B /* TypewriterEffect.swift in Sources */ = {isa = PBXBuildFile; fileRef = 3B3C71E42B82AC9E00167B5B /* TypewriterEffect.swift */; };
		3B3D81C72B829D6900096853 /* Secrets.swift in Sources */ = {isa = PBXBuildFile; fileRef = 3B3D81C62B829D6900096853 /* Secrets.swift */; };
/* End PBXBuildFile section */

/* Begin PBXFileReference section */
		3B3A05AF2B64B149008FF558 /* ChatAVP.app */ = {isa = PBXFileReference; explicitFileType = wrapper.application; includeInIndex = 0; path = ChatAVP.app; sourceTree = BUILT_PRODUCTS_DIR; };
		3B3A05B32B64B149008FF558 /* RealityKitContent */ = {isa = PBXFileReference; lastKnownFileType = wrapper; path = RealityKitContent; sourceTree = "<group>"; };
		3B3A05B62B64B149008FF558 /* ChatAVPApp.swift */ = {isa = PBXFileReference; lastKnownFileType = sourcecode.swift; path = ChatAVPApp.swift; sourceTree = "<group>"; };
		3B3A05B82B64B149008FF558 /* ContentView.swift */ = {isa = PBXFileReference; lastKnownFileType = sourcecode.swift; path = ContentView.swift; sourceTree = "<group>"; };
		3B3A05BA2B64B14A008FF558 /* Assets.xcassets */ = {isa = PBXFileReference; lastKnownFileType = folder.assetcatalog; path = Assets.xcassets; sourceTree = "<group>"; };
		3B3A05BD2B64B14A008FF558 /* Preview Assets.xcassets */ = {isa = PBXFileReference; lastKnownFileType = folder.assetcatalog; path = "Preview Assets.xcassets"; sourceTree = "<group>"; };
		3B3A05BF2B64B14A008FF558 /* Info.plist */ = {isa = PBXFileReference; lastKnownFileType = text.plist.xml; path = Info.plist; sourceTree = "<group>"; };
		3B3C71E22B82A30E00167B5B /* SearchBar.swift */ = {isa = PBXFileReference; fileEncoding = 4; lastKnownFileType = sourcecode.swift; path = SearchBar.swift; sourceTree = "<group>"; };
		3B3C71E42B82AC9E00167B5B /* TypewriterEffect.swift */ = {isa = PBXFileReference; lastKnownFileType = sourcecode.swift; path = TypewriterEffect.swift; sourceTree = "<group>"; };
		3B3D81C62B829D6900096853 /* Secrets.swift */ = {isa = PBXFileReference; lastKnownFileType = sourcecode.swift; path = Secrets.swift; sourceTree = "<group>"; };
/* End PBXFileReference section */

/* Begin PBXFrameworksBuildPhase section */
		3B3A05AC2B64B149008FF558 /* Frameworks */ = {
			isa = PBXFrameworksBuildPhase;
			buildActionMask = 2147483647;
			files = (
				3B3A05B52B64B149008FF558 /* RealityKitContent in Frameworks */,
			);
			runOnlyForDeploymentPostprocessing = 0;
		};
/* End PBXFrameworksBuildPhase section */

/* Begin PBXGroup section */
		3B3A05A62B64B149008FF558 = {
			isa = PBXGroup;
			children = (
				3B3A05B12B64B149008FF558 /* ChatAVP */,
				3B3A05B22B64B149008FF558 /* Packages */,
				3B3A05B02B64B149008FF558 /* Products */,
			);
			sourceTree = "<group>";
		};
		3B3A05B02B64B149008FF558 /* Products */ = {
			isa = PBXGroup;
			children = (
				3B3A05AF2B64B149008FF558 /* ChatAVP.app */,
			);
			name = Products;
			sourceTree = "<group>";
		};
		3B3A05B12B64B149008FF558 /* ChatAVP */ = {
			isa = PBXGroup;
			children = (
				3B3A05B62B64B149008FF558 /* ChatAVPApp.swift */,
				3B3A05B82B64B149008FF558 /* ContentView.swift */,
				3B3C71E22B82A30E00167B5B /* SearchBar.swift */,
				3B3D81C62B829D6900096853 /* Secrets.swift */,
				3B3C71E42B82AC9E00167B5B /* TypewriterEffect.swift */,
				3B3A05BA2B64B14A008FF558 /* Assets.xcassets */,
				3B3A05BF2B64B14A008FF558 /* Info.plist */,
				3B3A05BC2B64B14A008FF558 /* Preview Content */,
			);
			path = ChatAVP;
			sourceTree = "<group>";
		};
		3B3A05B22B64B149008FF558 /* Packages */ = {
			isa = PBXGroup;
			children = (
				3B3A05B32B64B149008FF558 /* RealityKitContent */,
			);
			path = Packages;
			sourceTree = "<group>";
		};
		3B3A05BC2B64B14A008FF558 /* Preview Content */ = {
			isa = PBXGroup;
			children = (
				3B3A05BD2B64B14A008FF558 /* Preview Assets.xcassets */,
			);
			path = "Preview Content";
			sourceTree = "<group>";
		};
/* End PBXGroup section */

/* Begin PBXNativeTarget section */
		3B3A05AE2B64B149008FF558 /* ChatAVP */ = {
			isa = PBXNativeTarget;
			buildConfigurationList = 3B3A05C22B64B14A008FF558 /* Build configuration list for PBXNativeTarget "ChatAVP" */;
			buildPhases = (
				3B3A05AB2B64B149008FF558 /* Sources */,
				3B3A05AC2B64B149008FF558 /* Frameworks */,
				3B3A05AD2B64B149008FF558 /* Resources */,
			);
			buildRules = (
			);
			dependencies = (
			);
			name = ChatAVP;
			packageProductDependencies = (
				3B3A05B42B64B149008FF558 /* RealityKitContent */,
			);
			productName = chatAVP;
			productReference = 3B3A05AF2B64B149008FF558 /* ChatAVP.app */;
			productType = "com.apple.product-type.application";
		};
/* End PBXNativeTarget section */

/* Begin PBXProject section */
		3B3A05A72B64B149008FF558 /* Project object */ = {
			isa = PBXProject;
			attributes = {
				BuildIndependentTargetsInParallel = 1;
				LastSwiftUpdateCheck = 1520;
				LastUpgradeCheck = 1520;
				TargetAttributes = {
					3B3A05AE2B64B149008FF558 = {
						CreatedOnToolsVersion = 15.2;
					};
				};
			};
			buildConfigurationList = 3B3A05AA2B64B149008FF558 /* Build configuration list for PBXProject "ChatAVP" */;
			compatibilityVersion = "Xcode 14.0";
			developmentRegion = en;
			hasScannedForEncodings = 0;
			knownRegions = (
				en,
				Base,
			);
			mainGroup = 3B3A05A62B64B149008FF558;
			productRefGroup = 3B3A05B02B64B149008FF558 /* Products */;
			projectDirPath = "";
			projectRoot = "";
			targets = (
				3B3A05AE2B64B149008FF558 /* ChatAVP */,
			);
		};
/* End PBXProject section */

/* Begin PBXResourcesBuildPhase section */
		3B3A05AD2B64B149008FF558 /* Resources */ = {
			isa = PBXResourcesBuildPhase;
			buildActionMask = 2147483647;
			files = (
				3B3A05BE2B64B14A008FF558 /* Preview Assets.xcassets in Resources */,
				3B3A05BB2B64B14A008FF558 /* Assets.xcassets in Resources */,
			);
			runOnlyForDeploymentPostprocessing = 0;
		};
/* End PBXResourcesBuildPhase section */

/* Begin PBXSourcesBuildPhase section */
		3B3A05AB2B64B149008FF558 /* Sources */ = {
			isa = PBXSourcesBuildPhase;
			buildActionMask = 2147483647;
			files = (
				3B3A05B92B64B149008FF558 /* ContentView.swift in Sources */,
				3B3C71E32B82A30E00167B5B /* SearchBar.swift in Sources */,
				3B3D81C72B829D6900096853 /* Secrets.swift in Sources */,
				3B3A05B72B64B149008FF558 /* ChatAVPApp.swift in Sources */,
				3B3C71E52B82AC9E00167B5B /* TypewriterEffect.swift in Sources */,
			);
			runOnlyForDeploymentPostprocessing = 0;
		};
/* End PBXSourcesBuildPhase section */

/* Begin XCBuildConfiguration section */
		3B3A05C02B64B14A008FF558 /* Debug */ = {
			isa = XCBuildConfiguration;
			buildSettings = {
				ALWAYS_SEARCH_USER_PATHS = NO;
				ASSETCATALOG_COMPILER_GENERATE_SWIFT_ASSET_SYMBOL_EXTENSIONS = YES;
				CLANG_ANALYZER_NONNULL = YES;
				CLANG_ANALYZER_NUMBER_OBJECT_CONVERSION = YES_AGGRESSIVE;
				CLANG_CXX_LANGUAGE_STANDARD = "gnu++20";
				CLANG_ENABLE_MODULES = YES;
				CLANG_ENABLE_OBJC_ARC = YES;
				CLANG_ENABLE_OBJC_WEAK = YES;
				CLANG_WARN_BLOCK_CAPTURE_AUTORELEASING = YES;
				CLANG_WARN_BOOL_CONVERSION = YES;
				CLANG_WARN_COMMA = YES;
				CLANG_WARN_CONSTANT_CONVERSION = YES;
				CLANG_WARN_DEPRECATED_OBJC_IMPLEMENTATIONS = YES;
				CLANG_WARN_DIRECT_OBJC_ISA_USAGE = YES_ERROR;
				CLANG_WARN_DOCUMENTATION_COMMENTS = YES;
				CLANG_WARN_EMPTY_BODY = YES;
				CLANG_WARN_ENUM_CONVERSION = YES;
				CLANG_WARN_INFINITE_RECURSION = YES;
				CLANG_WARN_INT_CONVERSION = YES;
				CLANG_WARN_NON_LITERAL_NULL_CONVERSION = YES;
				CLANG_WARN_OBJC_IMPLICIT_RETAIN_SELF = YES;
				CLANG_WARN_OBJC_LITERAL_CONVERSION = YES;
				CLANG_WARN_OBJC_ROOT_CLASS = YES_ERROR;
				CLANG_WARN_QUOTED_INCLUDE_IN_FRAMEWORK_HEADER = YES;
				CLANG_WARN_RANGE_LOOP_ANALYSIS = YES;
				CLANG_WARN_STRICT_PROTOTYPES = YES;
				CLANG_WARN_SUSPICIOUS_MOVE = YES;
				CLANG_WARN_UNGUARDED_AVAILABILITY = YES_AGGRESSIVE;
				CLANG_WARN_UNREACHABLE_CODE = YES;
				CLANG_WARN__DUPLICATE_METHOD_MATCH = YES;
				COPY_PHASE_STRIP = NO;
				DEBUG_INFORMATION_FORMAT = dwarf;
				ENABLE_STRICT_OBJC_MSGSEND = YES;
				ENABLE_TESTABILITY = YES;
				ENABLE_USER_SCRIPT_SANDBOXING = YES;
				GCC_C_LANGUAGE_STANDARD = gnu17;
				GCC_DYNAMIC_NO_PIC = NO;
				GCC_NO_COMMON_BLOCKS = YES;
				GCC_OPTIMIZATION_LEVEL = 0;
				GCC_PREPROCESSOR_DEFINITIONS = (
					"DEBUG=1",
					"$(inherited)",
				);
				GCC_WARN_64_TO_32_BIT_CONVERSION = YES;
				GCC_WARN_ABOUT_RETURN_TYPE = YES_ERROR;
				GCC_WARN_UNDECLARED_SELECTOR = YES;
				GCC_WARN_UNINITIALIZED_AUTOS = YES_AGGRESSIVE;
				GCC_WARN_UNUSED_FUNCTION = YES;
				GCC_WARN_UNUSED_VARIABLE = YES;
				LOCALIZATION_PREFERS_STRING_CATALOGS = YES;
				MTL_ENABLE_DEBUG_INFO = INCLUDE_SOURCE;
				MTL_FAST_MATH = YES;
				ONLY_ACTIVE_ARCH = YES;
				SDKROOT = xros;
				SWIFT_ACTIVE_COMPILATION_CONDITIONS = "DEBUG $(inherited)";
				SWIFT_OPTIMIZATION_LEVEL = "-Onone";
				XROS_DEPLOYMENT_TARGET = 1.0;
			};
			name = Debug;
		};
		3B3A05C12B64B14A008FF558 /* Release */ = {
			isa = XCBuildConfiguration;
			buildSettings = {
				ALWAYS_SEARCH_USER_PATHS = NO;
				ASSETCATALOG_COMPILER_GENERATE_SWIFT_ASSET_SYMBOL_EXTENSIONS = YES;
				CLANG_ANALYZER_NONNULL = YES;
				CLANG_ANALYZER_NUMBER_OBJECT_CONVERSION = YES_AGGRESSIVE;
				CLANG_CXX_LANGUAGE_STANDARD = "gnu++20";
				CLANG_ENABLE_MODULES = YES;
				CLANG_ENABLE_OBJC_ARC = YES;
				CLANG_ENABLE_OBJC_WEAK = YES;
				CLANG_WARN_BLOCK_CAPTURE_AUTORELEASING = YES;
				CLANG_WARN_BOOL_CONVERSION = YES;
				CLANG_WARN_COMMA = YES;
				CLANG_WARN_CONSTANT_CONVERSION = YES;
				CLANG_WARN_DEPRECATED_OBJC_IMPLEMENTATIONS = YES;
				CLANG_WARN_DIRECT_OBJC_ISA_USAGE = YES_ERROR;
				CLANG_WARN_DOCUMENTATION_COMMENTS = YES;
				CLANG_WARN_EMPTY_BODY = YES;
				CLANG_WARN_ENUM_CONVERSION = YES;
				CLANG_WARN_INFINITE_RECURSION = YES;
				CLANG_WARN_INT_CONVERSION = YES;
				CLANG_WARN_NON_LITERAL_NULL_CONVERSION = YES;
				CLANG_WARN_OBJC_IMPLICIT_RETAIN_SELF = YES;
				CLANG_WARN_OBJC_LITERAL_CONVERSION = YES;
				CLANG_WARN_OBJC_ROOT_CLASS = YES_ERROR;
				CLANG_WARN_QUOTED_INCLUDE_IN_FRAMEWORK_HEADER = YES;
				CLANG_WARN_RANGE_LOOP_ANALYSIS = YES;
				CLANG_WARN_STRICT_PROTOTYPES = YES;
				CLANG_WARN_SUSPICIOUS_MOVE = YES;
				CLANG_WARN_UNGUARDED_AVAILABILITY = YES_AGGRESSIVE;
				CLANG_WARN_UNREACHABLE_CODE = YES;
				CLANG_WARN__DUPLICATE_METHOD_MATCH = YES;
				COPY_PHASE_STRIP = NO;
				DEBUG_INFORMATION_FORMAT = "dwarf-with-dsym";
				ENABLE_NS_ASSERTIONS = NO;
				ENABLE_STRICT_OBJC_MSGSEND = YES;
				ENABLE_USER_SCRIPT_SANDBOXING = YES;
				GCC_C_LANGUAGE_STANDARD = gnu17;
				GCC_NO_COMMON_BLOCKS = YES;
				GCC_WARN_64_TO_32_BIT_CONVERSION = YES;
				GCC_WARN_ABOUT_RETURN_TYPE = YES_ERROR;
				GCC_WARN_UNDECLARED_SELECTOR = YES;
				GCC_WARN_UNINITIALIZED_AUTOS = YES_AGGRESSIVE;
				GCC_WARN_UNUSED_FUNCTION = YES;
				GCC_WARN_UNUSED_VARIABLE = YES;
				LOCALIZATION_PREFERS_STRING_CATALOGS = YES;
				MTL_ENABLE_DEBUG_INFO = NO;
				MTL_FAST_MATH = YES;
				SDKROOT = xros;
				SWIFT_COMPILATION_MODE = wholemodule;
				VALIDATE_PRODUCT = YES;
				XROS_DEPLOYMENT_TARGET = 1.0;
			};
			name = Release;
		};
		3B3A05C32B64B14A008FF558 /* Debug */ = {
			isa = XCBuildConfiguration;
			buildSettings = {
				ASSETCATALOG_COMPILER_APPICON_NAME = AppIcon;
				ASSETCATALOG_COMPILER_GLOBAL_ACCENT_COLOR_NAME = AccentColor;
				CODE_SIGN_STYLE = Automatic;
				CURRENT_PROJECT_VERSION = 1;
				DEVELOPMENT_ASSET_PATHS = "\"chatAVP/Preview Content\"";
				DEVELOPMENT_TEAM = 2DJDH872JZ;
				ENABLE_PREVIEWS = YES;
				GENERATE_INFOPLIST_FILE = YES;
				INFOPLIST_FILE = "$(TARGET_NAME)/Info.plist";
				LD_RUNPATH_SEARCH_PATHS = (
					"$(inherited)",
					"@executable_path/Frameworks",
				);
				MARKETING_VERSION = 1.0;
				PRODUCT_BUNDLE_IDENTIFIER = com.ivancampos.chatAVP;
				PRODUCT_NAME = "$(TARGET_NAME)";
				SUPPORTED_PLATFORMS = "xros xrsimulator";
				SWIFT_EMIT_LOC_STRINGS = YES;
				SWIFT_VERSION = 5.0;
				TARGETED_DEVICE_FAMILY = "1,2,7";
			};
			name = Debug;
		};
		3B3A05C42B64B14A008FF558 /* Release */ = {
			isa = XCBuildConfiguration;
			buildSettings = {
				ASSETCATALOG_COMPILER_APPICON_NAME = AppIcon;
				ASSETCATALOG_COMPILER_GLOBAL_ACCENT_COLOR_NAME = AccentColor;
				CODE_SIGN_STYLE = Automatic;
				CURRENT_PROJECT_VERSION = 1;
				DEVELOPMENT_ASSET_PATHS = "\"chatAVP/Preview Content\"";
				DEVELOPMENT_TEAM = 2DJDH872JZ;
				ENABLE_PREVIEWS = YES;
				GENERATE_INFOPLIST_FILE = YES;
				INFOPLIST_FILE = "$(TARGET_NAME)/Info.plist";
				LD_RUNPATH_SEARCH_PATHS = (
					"$(inherited)",
					"@executable_path/Frameworks",
				);
				MARKETING_VERSION = 1.0;
				PRODUCT_BUNDLE_IDENTIFIER = com.ivancampos.chatAVP;
				PRODUCT_NAME = "$(TARGET_NAME)";
				SUPPORTED_PLATFORMS = "xros xrsimulator";
				SWIFT_EMIT_LOC_STRINGS = YES;
				SWIFT_VERSION = 5.0;
				TARGETED_DEVICE_FAMILY = "1,2,7";
			};
			name = Release;
		};
/* End XCBuildConfiguration section */

/* Begin XCConfigurationList section */
		3B3A05AA2B64B149008FF558 /* Build configuration list for PBXProject "ChatAVP" */ = {
			isa = XCConfigurationList;
			buildConfigurations = (
				3B3A05C02B64B14A008FF558 /* Debug */,
				3B3A05C12B64B14A008FF558 /* Release */,
			);
			defaultConfigurationIsVisible = 0;
			defaultConfigurationName = Release;
		};
		3B3A05C22B64B14A008FF558 /* Build configuration list for PBXNativeTarget "ChatAVP" */ = {
			isa = XCConfigurationList;
			buildConfigurations = (
				3B3A05C32B64B14A008FF558 /* Debug */,
				3B3A05C42B64B14A008FF558 /* Release */,
			);
			defaultConfigurationIsVisible = 0;
			defaultConfigurationName = Release;
		};
/* End XCConfigurationList section */

/* Begin XCSwiftPackageProductDependency section */
		3B3A05B42B64B149008FF558 /* RealityKitContent */ = {
			isa = XCSwiftPackageProductDependency;
			productName = RealityKitContent;
		};
/* End XCSwiftPackageProductDependency section */
	};
	rootObject = 3B3A05A72B64B149008FF558 /* Project object */;
}
